// !$*UTF8*$!
{
	archiveVersion = 1;
	classes = {
	};
	objectVersion = 55;
	objects = {

/* Begin PBXBuildFile section */
		422F236628B22F9D00226BC8 /* ImageSelectView.swift in Sources */ = {isa = PBXBuildFile; fileRef = 422F236528B22F9D00226BC8 /* ImageSelectView.swift */; };
		422F236828B22FAF00226BC8 /* ImageSelectViewController.swift in Sources */ = {isa = PBXBuildFile; fileRef = 422F236728B22FAF00226BC8 /* ImageSelectViewController.swift */; };
		42314F3528B685E700E7DC7E /* SettingView.swift in Sources */ = {isa = PBXBuildFile; fileRef = 42314F3428B685E700E7DC7E /* SettingView.swift */; };
		42314F3728B685F200E7DC7E /* SettingViewController.swift in Sources */ = {isa = PBXBuildFile; fileRef = 42314F3628B685F200E7DC7E /* SettingViewController.swift */; };
		42314F3928B6884400E7DC7E /* SettingTableViewCell.swift in Sources */ = {isa = PBXBuildFile; fileRef = 42314F3828B6884400E7DC7E /* SettingTableViewCell.swift */; };
		42314F3C28B68AEB00E7DC7E /* FileManager+Extension.swift in Sources */ = {isa = PBXBuildFile; fileRef = 42314F3B28B68AEB00E7DC7E /* FileManager+Extension.swift */; };
		42314F3F28B7016000E7DC7E /* Zip in Frameworks */ = {isa = PBXBuildFile; productRef = 42314F3E28B7016000E7DC7E /* Zip */; };
		42314F4128B704C600E7DC7E /* Alert+Extension.swift in Sources */ = {isa = PBXBuildFile; fileRef = 42314F4028B704C600E7DC7E /* Alert+Extension.swift */; };
		42314F4428B7096400E7DC7E /* Kingfisher in Frameworks */ = {isa = PBXBuildFile; productRef = 42314F4328B7096400E7DC7E /* Kingfisher */; };
		424DE38028BA105B004F37FE /* TabBarController.swift in Sources */ = {isa = PBXBuildFile; fileRef = 424DE37F28BA105B004F37FE /* TabBarController.swift */; };
		424DE38328BA114C004F37FE /* CalendarView.swift in Sources */ = {isa = PBXBuildFile; fileRef = 424DE38228BA114C004F37FE /* CalendarView.swift */; };
		424DE38528BA115B004F37FE /* CalendarViewController.swift in Sources */ = {isa = PBXBuildFile; fileRef = 424DE38428BA115B004F37FE /* CalendarViewController.swift */; };
		424DE38928BBAE89004F37FE /* JGProgressHUD in Frameworks */ = {isa = PBXBuildFile; productRef = 424DE38828BBAE89004F37FE /* JGProgressHUD */; };
		4293315A28B6459F0070AD52 /* HomeView.swift in Sources */ = {isa = PBXBuildFile; fileRef = 4293315928B6459F0070AD52 /* HomeView.swift */; };
		4293315C28B645AA0070AD52 /* HomeViewController.swift in Sources */ = {isa = PBXBuildFile; fileRef = 4293315B28B645AA0070AD52 /* HomeViewController.swift */; };
		4293315E28B646290070AD52 /* ReusableViewProtocol.swift in Sources */ = {isa = PBXBuildFile; fileRef = 4293315D28B646290070AD52 /* ReusableViewProtocol.swift */; };
		4293316228B648460070AD52 /* BaseTableViewCell.swift in Sources */ = {isa = PBXBuildFile; fileRef = 4293316128B648460070AD52 /* BaseTableViewCell.swift */; };
		4293316428B648A50070AD52 /* HomeTableViewCell.swift in Sources */ = {isa = PBXBuildFile; fileRef = 4293316328B648A50070AD52 /* HomeTableViewCell.swift */; };
		4293316728B64CEE0070AD52 /* RealmModel.swift in Sources */ = {isa = PBXBuildFile; fileRef = 4293316628B64CEE0070AD52 /* RealmModel.swift */; };
		4293316A28B64D150070AD52 /* Realm in Frameworks */ = {isa = PBXBuildFile; productRef = 4293316928B64D150070AD52 /* Realm */; };
		4293316C28B64D150070AD52 /* RealmSwift in Frameworks */ = {isa = PBXBuildFile; productRef = 4293316B28B64D150070AD52 /* RealmSwift */; };
		4297351028B2D3E8003744B9 /* ImageCollectionViewCell.swift in Sources */ = {isa = PBXBuildFile; fileRef = 4297350F28B2D3E8003744B9 /* ImageCollectionViewCell.swift */; };
		4297351228B2D49B003744B9 /* BaseCollectionViewCell.swift in Sources */ = {isa = PBXBuildFile; fileRef = 4297351128B2D49B003744B9 /* BaseCollectionViewCell.swift */; };
		4297351528B2DA6F003744B9 /* UnsplashAPIManager.swift in Sources */ = {isa = PBXBuildFile; fileRef = 4297351428B2DA6F003744B9 /* UnsplashAPIManager.swift */; };
		4297351728B2DA77003744B9 /* APIKey.swift in Sources */ = {isa = PBXBuildFile; fileRef = 4297351628B2DA77003744B9 /* APIKey.swift */; };
		4297351928B2DA83003744B9 /* Contents.swift in Sources */ = {isa = PBXBuildFile; fileRef = 4297351828B2DA83003744B9 /* Contents.swift */; };
		42B7872B28B22659002D1749 /* AppDelegate.swift in Sources */ = {isa = PBXBuildFile; fileRef = 42B7872A28B22659002D1749 /* AppDelegate.swift */; };
		42B7872D28B22659002D1749 /* SceneDelegate.swift in Sources */ = {isa = PBXBuildFile; fileRef = 42B7872C28B22659002D1749 /* SceneDelegate.swift */; };
		42B7872F28B22659002D1749 /* ViewController.swift in Sources */ = {isa = PBXBuildFile; fileRef = 42B7872E28B22659002D1749 /* ViewController.swift */; };
		42B7873228B22659002D1749 /* Main.storyboard in Resources */ = {isa = PBXBuildFile; fileRef = 42B7873028B22659002D1749 /* Main.storyboard */; };
		42B7873428B2265B002D1749 /* Assets.xcassets in Resources */ = {isa = PBXBuildFile; fileRef = 42B7873328B2265B002D1749 /* Assets.xcassets */; };
		42B7873728B2265B002D1749 /* LaunchScreen.storyboard in Resources */ = {isa = PBXBuildFile; fileRef = 42B7873528B2265B002D1749 /* LaunchScreen.storyboard */; };
		42B7873F28B22673002D1749 /* BaseViewController.swift in Sources */ = {isa = PBXBuildFile; fileRef = 42B7873E28B22673002D1749 /* BaseViewController.swift */; };
		42B7874128B226C0002D1749 /* BaseView.swift in Sources */ = {isa = PBXBuildFile; fileRef = 42B7874028B226C0002D1749 /* BaseView.swift */; };
		42B7874328B22727002D1749 /* WriteViewController.swift in Sources */ = {isa = PBXBuildFile; fileRef = 42B7874228B22727002D1749 /* WriteViewController.swift */; };
		42B7874528B22763002D1749 /* WriteView.swift in Sources */ = {isa = PBXBuildFile; fileRef = 42B7874428B22763002D1749 /* WriteView.swift */; };
		42B7874828B227FA002D1749 /* SnapKit in Frameworks */ = {isa = PBXBuildFile; productRef = 42B7874728B227FA002D1749 /* SnapKit */; };
		42B7874B28B22804002D1749 /* Alamofire in Frameworks */ = {isa = PBXBuildFile; productRef = 42B7874A28B22804002D1749 /* Alamofire */; };
		42B7875128B22818002D1749 /* SwiftyJSON in Frameworks */ = {isa = PBXBuildFile; productRef = 42B7875028B22818002D1749 /* SwiftyJSON */; };
		42D5FC7528BBFA8F0071CCBF /* CalendarTableViewCell.swift in Sources */ = {isa = PBXBuildFile; fileRef = 42D5FC7428BBFA8F0071CCBF /* CalendarTableViewCell.swift */; };
		42F0809728B855E9007E6D9F /* UserDiaryRepository.swift in Sources */ = {isa = PBXBuildFile; fileRef = 42F0809628B855E9007E6D9F /* UserDiaryRepository.swift */; };
		42F0809A28B861AB007E6D9F /* FSCalendar in Frameworks */ = {isa = PBXBuildFile; productRef = 42F0809928B861AB007E6D9F /* FSCalendar */; };
/* End PBXBuildFile section */

/* Begin PBXFileReference section */
		422F236528B22F9D00226BC8 /* ImageSelectView.swift */ = {isa = PBXFileReference; lastKnownFileType = sourcecode.swift; path = ImageSelectView.swift; sourceTree = "<group>"; };
		422F236728B22FAF00226BC8 /* ImageSelectViewController.swift */ = {isa = PBXFileReference; lastKnownFileType = sourcecode.swift; path = ImageSelectViewController.swift; sourceTree = "<group>"; };
		42314F3428B685E700E7DC7E /* SettingView.swift */ = {isa = PBXFileReference; lastKnownFileType = sourcecode.swift; path = SettingView.swift; sourceTree = "<group>"; };
		42314F3628B685F200E7DC7E /* SettingViewController.swift */ = {isa = PBXFileReference; lastKnownFileType = sourcecode.swift; path = SettingViewController.swift; sourceTree = "<group>"; };
		42314F3828B6884400E7DC7E /* SettingTableViewCell.swift */ = {isa = PBXFileReference; lastKnownFileType = sourcecode.swift; path = SettingTableViewCell.swift; sourceTree = "<group>"; };
		42314F3B28B68AEB00E7DC7E /* FileManager+Extension.swift */ = {isa = PBXFileReference; lastKnownFileType = sourcecode.swift; path = "FileManager+Extension.swift"; sourceTree = "<group>"; };
		42314F4028B704C600E7DC7E /* Alert+Extension.swift */ = {isa = PBXFileReference; lastKnownFileType = sourcecode.swift; path = "Alert+Extension.swift"; sourceTree = "<group>"; };
		424DE37F28BA105B004F37FE /* TabBarController.swift */ = {isa = PBXFileReference; lastKnownFileType = sourcecode.swift; path = TabBarController.swift; sourceTree = "<group>"; };
		424DE38228BA114C004F37FE /* CalendarView.swift */ = {isa = PBXFileReference; lastKnownFileType = sourcecode.swift; path = CalendarView.swift; sourceTree = "<group>"; };
		424DE38428BA115B004F37FE /* CalendarViewController.swift */ = {isa = PBXFileReference; lastKnownFileType = sourcecode.swift; path = CalendarViewController.swift; sourceTree = "<group>"; };
		4293315928B6459F0070AD52 /* HomeView.swift */ = {isa = PBXFileReference; lastKnownFileType = sourcecode.swift; path = HomeView.swift; sourceTree = "<group>"; };
		4293315B28B645AA0070AD52 /* HomeViewController.swift */ = {isa = PBXFileReference; lastKnownFileType = sourcecode.swift; path = HomeViewController.swift; sourceTree = "<group>"; };
		4293315D28B646290070AD52 /* ReusableViewProtocol.swift */ = {isa = PBXFileReference; lastKnownFileType = sourcecode.swift; path = ReusableViewProtocol.swift; sourceTree = "<group>"; };
		4293316128B648460070AD52 /* BaseTableViewCell.swift */ = {isa = PBXFileReference; lastKnownFileType = sourcecode.swift; path = BaseTableViewCell.swift; sourceTree = "<group>"; };
		4293316328B648A50070AD52 /* HomeTableViewCell.swift */ = {isa = PBXFileReference; lastKnownFileType = sourcecode.swift; path = HomeTableViewCell.swift; sourceTree = "<group>"; };
		4293316628B64CEE0070AD52 /* RealmModel.swift */ = {isa = PBXFileReference; lastKnownFileType = sourcecode.swift; path = RealmModel.swift; sourceTree = "<group>"; };
		4297350F28B2D3E8003744B9 /* ImageCollectionViewCell.swift */ = {isa = PBXFileReference; lastKnownFileType = sourcecode.swift; path = ImageCollectionViewCell.swift; sourceTree = "<group>"; };
		4297351128B2D49B003744B9 /* BaseCollectionViewCell.swift */ = {isa = PBXFileReference; lastKnownFileType = sourcecode.swift; path = BaseCollectionViewCell.swift; sourceTree = "<group>"; };
		4297351428B2DA6F003744B9 /* UnsplashAPIManager.swift */ = {isa = PBXFileReference; lastKnownFileType = sourcecode.swift; path = UnsplashAPIManager.swift; sourceTree = "<group>"; };
		4297351628B2DA77003744B9 /* APIKey.swift */ = {isa = PBXFileReference; lastKnownFileType = sourcecode.swift; path = APIKey.swift; sourceTree = "<group>"; };
		4297351828B2DA83003744B9 /* Contents.swift */ = {isa = PBXFileReference; lastKnownFileType = sourcecode.swift; path = Contents.swift; sourceTree = "<group>"; };
		42B7872728B22659002D1749 /* Diary.app */ = {isa = PBXFileReference; explicitFileType = wrapper.application; includeInIndex = 0; path = Diary.app; sourceTree = BUILT_PRODUCTS_DIR; };
		42B7872A28B22659002D1749 /* AppDelegate.swift */ = {isa = PBXFileReference; lastKnownFileType = sourcecode.swift; path = AppDelegate.swift; sourceTree = "<group>"; };
		42B7872C28B22659002D1749 /* SceneDelegate.swift */ = {isa = PBXFileReference; lastKnownFileType = sourcecode.swift; path = SceneDelegate.swift; sourceTree = "<group>"; };
		42B7872E28B22659002D1749 /* ViewController.swift */ = {isa = PBXFileReference; lastKnownFileType = sourcecode.swift; path = ViewController.swift; sourceTree = "<group>"; };
		42B7873128B22659002D1749 /* Base */ = {isa = PBXFileReference; lastKnownFileType = file.storyboard; name = Base; path = Base.lproj/Main.storyboard; sourceTree = "<group>"; };
		42B7873328B2265B002D1749 /* Assets.xcassets */ = {isa = PBXFileReference; lastKnownFileType = folder.assetcatalog; path = Assets.xcassets; sourceTree = "<group>"; };
		42B7873628B2265B002D1749 /* Base */ = {isa = PBXFileReference; lastKnownFileType = file.storyboard; name = Base; path = Base.lproj/LaunchScreen.storyboard; sourceTree = "<group>"; };
		42B7873828B2265B002D1749 /* Info.plist */ = {isa = PBXFileReference; lastKnownFileType = text.plist.xml; path = Info.plist; sourceTree = "<group>"; };
		42B7873E28B22673002D1749 /* BaseViewController.swift */ = {isa = PBXFileReference; lastKnownFileType = sourcecode.swift; path = BaseViewController.swift; sourceTree = "<group>"; };
		42B7874028B226C0002D1749 /* BaseView.swift */ = {isa = PBXFileReference; lastKnownFileType = sourcecode.swift; path = BaseView.swift; sourceTree = "<group>"; };
		42B7874228B22727002D1749 /* WriteViewController.swift */ = {isa = PBXFileReference; lastKnownFileType = sourcecode.swift; path = WriteViewController.swift; sourceTree = "<group>"; };
		42B7874428B22763002D1749 /* WriteView.swift */ = {isa = PBXFileReference; lastKnownFileType = sourcecode.swift; path = WriteView.swift; sourceTree = "<group>"; };
		42D5FC7428BBFA8F0071CCBF /* CalendarTableViewCell.swift */ = {isa = PBXFileReference; lastKnownFileType = sourcecode.swift; path = CalendarTableViewCell.swift; sourceTree = "<group>"; };
		42F0809628B855E9007E6D9F /* UserDiaryRepository.swift */ = {isa = PBXFileReference; lastKnownFileType = sourcecode.swift; path = UserDiaryRepository.swift; sourceTree = "<group>"; };
/* End PBXFileReference section */

/* Begin PBXFrameworksBuildPhase section */
		42B7872428B22659002D1749 /* Frameworks */ = {
			isa = PBXFrameworksBuildPhase;
			buildActionMask = 2147483647;
			files = (
				42314F3F28B7016000E7DC7E /* Zip in Frameworks */,
				4293316C28B64D150070AD52 /* RealmSwift in Frameworks */,
				42314F4428B7096400E7DC7E /* Kingfisher in Frameworks */,
				42B7874828B227FA002D1749 /* SnapKit in Frameworks */,
				42B7875128B22818002D1749 /* SwiftyJSON in Frameworks */,
				42F0809A28B861AB007E6D9F /* FSCalendar in Frameworks */,
				42B7874B28B22804002D1749 /* Alamofire in Frameworks */,
				424DE38928BBAE89004F37FE /* JGProgressHUD in Frameworks */,
				4293316A28B64D150070AD52 /* Realm in Frameworks */,
			);
			runOnlyForDeploymentPostprocessing = 0;
		};
/* End PBXFrameworksBuildPhase section */

/* Begin PBXGroup section */
		42314F3328B685DC00E7DC7E /* Setting */ = {
			isa = PBXGroup;
			children = (
				42314F3428B685E700E7DC7E /* SettingView.swift */,
				42314F3628B685F200E7DC7E /* SettingViewController.swift */,
				42314F3828B6884400E7DC7E /* SettingTableViewCell.swift */,
			);
			path = Setting;
			sourceTree = "<group>";
		};
		42314F3A28B68AD200E7DC7E /* Extension */ = {
			isa = PBXGroup;
			children = (
				42314F3B28B68AEB00E7DC7E /* FileManager+Extension.swift */,
				42314F4028B704C600E7DC7E /* Alert+Extension.swift */,
			);
			path = Extension;
			sourceTree = "<group>";
		};
		424DE38128BA110E004F37FE /* Calendar */ = {
			isa = PBXGroup;
			children = (
				424DE38228BA114C004F37FE /* CalendarView.swift */,
				424DE38428BA115B004F37FE /* CalendarViewController.swift */,
				42D5FC7428BBFA8F0071CCBF /* CalendarTableViewCell.swift */,
			);
			path = Calendar;
			sourceTree = "<group>";
		};
		4293315428B6450C0070AD52 /* Write */ = {
			isa = PBXGroup;
			children = (
				42B7874228B22727002D1749 /* WriteViewController.swift */,
				42B7874428B22763002D1749 /* WriteView.swift */,
			);
			path = Write;
			sourceTree = "<group>";
		};
		4293315528B645130070AD52 /* Scene */ = {
			isa = PBXGroup;
			children = (
				424DE38128BA110E004F37FE /* Calendar */,
				42314F3328B685DC00E7DC7E /* Setting */,
				4293315828B645940070AD52 /* Home */,
				4293315428B6450C0070AD52 /* Write */,
				4293315728B6456F0070AD52 /* ImageSelect */,
				424DE37F28BA105B004F37FE /* TabBarController.swift */,
			);
			path = Scene;
			sourceTree = "<group>";
		};
		4293315728B6456F0070AD52 /* ImageSelect */ = {
			isa = PBXGroup;
			children = (
				422F236728B22FAF00226BC8 /* ImageSelectViewController.swift */,
				422F236528B22F9D00226BC8 /* ImageSelectView.swift */,
				4297350F28B2D3E8003744B9 /* ImageCollectionViewCell.swift */,
			);
			path = ImageSelect;
			sourceTree = "<group>";
		};
		4293315828B645940070AD52 /* Home */ = {
			isa = PBXGroup;
			children = (
				4293315928B6459F0070AD52 /* HomeView.swift */,
				4293315B28B645AA0070AD52 /* HomeViewController.swift */,
				4293316328B648A50070AD52 /* HomeTableViewCell.swift */,
			);
			path = Home;
			sourceTree = "<group>";
		};
		4293315F28B647990070AD52 /* Contents */ = {
			isa = PBXGroup;
			children = (
				4297351828B2DA83003744B9 /* Contents.swift */,
				4297351628B2DA77003744B9 /* APIKey.swift */,
			);
			path = Contents;
			sourceTree = "<group>";
		};
		4293316028B648000070AD52 /* APIManager */ = {
			isa = PBXGroup;
			children = (
				4297351428B2DA6F003744B9 /* UnsplashAPIManager.swift */,
			);
			path = APIManager;
			sourceTree = "<group>";
		};
		4293316528B64CD90070AD52 /* RealmModel */ = {
			isa = PBXGroup;
			children = (
				4293316628B64CEE0070AD52 /* RealmModel.swift */,
				42F0809628B855E9007E6D9F /* UserDiaryRepository.swift */,
			);
			path = RealmModel;
			sourceTree = "<group>";
		};
		42B7871E28B22659002D1749 = {
			isa = PBXGroup;
			children = (
				42B7872928B22659002D1749 /* Diary */,
				42B7872828B22659002D1749 /* Products */,
			);
			sourceTree = "<group>";
		};
		42B7872828B22659002D1749 /* Products */ = {
			isa = PBXGroup;
			children = (
				42B7872728B22659002D1749 /* Diary.app */,
			);
			name = Products;
			sourceTree = "<group>";
		};
		42B7872928B22659002D1749 /* Diary */ = {
			isa = PBXGroup;
			children = (
				42B7872A28B22659002D1749 /* AppDelegate.swift */,
				42B7872C28B22659002D1749 /* SceneDelegate.swift */,
				42B7872E28B22659002D1749 /* ViewController.swift */,
				4293316028B648000070AD52 /* APIManager */,
				4293315F28B647990070AD52 /* Contents */,
				4293316528B64CD90070AD52 /* RealmModel */,
				42B7875228B22820002D1749 /* Utillity */,
				4293315528B645130070AD52 /* Scene */,
				42314F3A28B68AD200E7DC7E /* Extension */,
				42B7873028B22659002D1749 /* Main.storyboard */,
				42B7873328B2265B002D1749 /* Assets.xcassets */,
				42B7873528B2265B002D1749 /* LaunchScreen.storyboard */,
				42B7873828B2265B002D1749 /* Info.plist */,
			);
			path = Diary;
			sourceTree = "<group>";
		};
		42B7875228B22820002D1749 /* Utillity */ = {
			isa = PBXGroup;
			children = (
				42B7873E28B22673002D1749 /* BaseViewController.swift */,
				42B7874028B226C0002D1749 /* BaseView.swift */,
				4297351128B2D49B003744B9 /* BaseCollectionViewCell.swift */,
				4293316128B648460070AD52 /* BaseTableViewCell.swift */,
				4293315D28B646290070AD52 /* ReusableViewProtocol.swift */,
			);
			path = Utillity;
			sourceTree = "<group>";
		};
/* End PBXGroup section */

/* Begin PBXNativeTarget section */
		42B7872628B22659002D1749 /* Diary */ = {
			isa = PBXNativeTarget;
			buildConfigurationList = 42B7873B28B2265B002D1749 /* Build configuration list for PBXNativeTarget "Diary" */;
			buildPhases = (
				42B7872328B22659002D1749 /* Sources */,
				42B7872428B22659002D1749 /* Frameworks */,
				42B7872528B22659002D1749 /* Resources */,
			);
			buildRules = (
			);
			dependencies = (
			);
			name = Diary;
			packageProductDependencies = (
				42B7874728B227FA002D1749 /* SnapKit */,
				42B7874A28B22804002D1749 /* Alamofire */,
				42B7875028B22818002D1749 /* SwiftyJSON */,
				4293316928B64D150070AD52 /* Realm */,
				4293316B28B64D150070AD52 /* RealmSwift */,
				42314F3E28B7016000E7DC7E /* Zip */,
				42314F4328B7096400E7DC7E /* Kingfisher */,
				42F0809928B861AB007E6D9F /* FSCalendar */,
				424DE38828BBAE89004F37FE /* JGProgressHUD */,
			);
			productName = Diary;
			productReference = 42B7872728B22659002D1749 /* Diary.app */;
			productType = "com.apple.product-type.application";
		};
/* End PBXNativeTarget section */

/* Begin PBXProject section */
		42B7871F28B22659002D1749 /* Project object */ = {
			isa = PBXProject;
			attributes = {
				BuildIndependentTargetsInParallel = 1;
				LastSwiftUpdateCheck = 1340;
				LastUpgradeCheck = 1340;
				TargetAttributes = {
					42B7872628B22659002D1749 = {
						CreatedOnToolsVersion = 13.4.1;
					};
				};
			};
			buildConfigurationList = 42B7872228B22659002D1749 /* Build configuration list for PBXProject "Diary" */;
			compatibilityVersion = "Xcode 13.0";
			developmentRegion = en;
			hasScannedForEncodings = 0;
			knownRegions = (
				en,
				Base,
			);
			mainGroup = 42B7871E28B22659002D1749;
			packageReferences = (
				42B7874628B227FA002D1749 /* XCRemoteSwiftPackageReference "SnapKit" */,
				42B7874928B22804002D1749 /* XCRemoteSwiftPackageReference "Alamofire" */,
				42B7874F28B22818002D1749 /* XCRemoteSwiftPackageReference "SwiftyJSON" */,
				4293316828B64D140070AD52 /* XCRemoteSwiftPackageReference "realm-swift" */,
				42314F3D28B7016000E7DC7E /* XCRemoteSwiftPackageReference "Zip" */,
				42314F4228B7096400E7DC7E /* XCRemoteSwiftPackageReference "Kingfisher" */,
				42F0809828B861AB007E6D9F /* XCRemoteSwiftPackageReference "FSCalendar" */,
				424DE38728BBAE89004F37FE /* XCRemoteSwiftPackageReference "JGProgressHUD" */,
			);
			productRefGroup = 42B7872828B22659002D1749 /* Products */;
			projectDirPath = "";
			projectRoot = "";
			targets = (
				42B7872628B22659002D1749 /* Diary */,
			);
		};
/* End PBXProject section */

/* Begin PBXResourcesBuildPhase section */
		42B7872528B22659002D1749 /* Resources */ = {
			isa = PBXResourcesBuildPhase;
			buildActionMask = 2147483647;
			files = (
				42B7873728B2265B002D1749 /* LaunchScreen.storyboard in Resources */,
				42B7873428B2265B002D1749 /* Assets.xcassets in Resources */,
				42B7873228B22659002D1749 /* Main.storyboard in Resources */,
			);
			runOnlyForDeploymentPostprocessing = 0;
		};
/* End PBXResourcesBuildPhase section */

/* Begin PBXSourcesBuildPhase section */
		42B7872328B22659002D1749 /* Sources */ = {
			isa = PBXSourcesBuildPhase;
			buildActionMask = 2147483647;
			files = (
				4293315E28B646290070AD52 /* ReusableViewProtocol.swift in Sources */,
				42314F4128B704C600E7DC7E /* Alert+Extension.swift in Sources */,
				424DE38528BA115B004F37FE /* CalendarViewController.swift in Sources */,
				42314F3728B685F200E7DC7E /* SettingViewController.swift in Sources */,
				424DE38028BA105B004F37FE /* TabBarController.swift in Sources */,
				4297351528B2DA6F003744B9 /* UnsplashAPIManager.swift in Sources */,
				42B7872F28B22659002D1749 /* ViewController.swift in Sources */,
				42314F3528B685E700E7DC7E /* SettingView.swift in Sources */,
				42314F3928B6884400E7DC7E /* SettingTableViewCell.swift in Sources */,
				42B7873F28B22673002D1749 /* BaseViewController.swift in Sources */,
				4293316228B648460070AD52 /* BaseTableViewCell.swift in Sources */,
				4293315A28B6459F0070AD52 /* HomeView.swift in Sources */,
				4293316428B648A50070AD52 /* HomeTableViewCell.swift in Sources */,
				42B7874128B226C0002D1749 /* BaseView.swift in Sources */,
				42B7874528B22763002D1749 /* WriteView.swift in Sources */,
				4297351228B2D49B003744B9 /* BaseCollectionViewCell.swift in Sources */,
				42B7872B28B22659002D1749 /* AppDelegate.swift in Sources */,
				42B7874328B22727002D1749 /* WriteViewController.swift in Sources */,
				42F0809728B855E9007E6D9F /* UserDiaryRepository.swift in Sources */,
				4297351028B2D3E8003744B9 /* ImageCollectionViewCell.swift in Sources */,
				4293316728B64CEE0070AD52 /* RealmModel.swift in Sources */,
				42314F3C28B68AEB00E7DC7E /* FileManager+Extension.swift in Sources */,
				4297351928B2DA83003744B9 /* Contents.swift in Sources */,
				42D5FC7528BBFA8F0071CCBF /* CalendarTableViewCell.swift in Sources */,
				424DE38328BA114C004F37FE /* CalendarView.swift in Sources */,
				4293315C28B645AA0070AD52 /* HomeViewController.swift in Sources */,
				422F236828B22FAF00226BC8 /* ImageSelectViewController.swift in Sources */,
				422F236628B22F9D00226BC8 /* ImageSelectView.swift in Sources */,
				4297351728B2DA77003744B9 /* APIKey.swift in Sources */,
				42B7872D28B22659002D1749 /* SceneDelegate.swift in Sources */,
			);
			runOnlyForDeploymentPostprocessing = 0;
		};
/* End PBXSourcesBuildPhase section */

/* Begin PBXVariantGroup section */
		42B7873028B22659002D1749 /* Main.storyboard */ = {
			isa = PBXVariantGroup;
			children = (
				42B7873128B22659002D1749 /* Base */,
			);
			name = Main.storyboard;
			sourceTree = "<group>";
		};
		42B7873528B2265B002D1749 /* LaunchScreen.storyboard */ = {
			isa = PBXVariantGroup;
			children = (
				42B7873628B2265B002D1749 /* Base */,
			);
			name = LaunchScreen.storyboard;
			sourceTree = "<group>";
		};
/* End PBXVariantGroup section */

/* Begin XCBuildConfiguration section */
		42B7873928B2265B002D1749 /* Debug */ = {
			isa = XCBuildConfiguration;
			buildSettings = {
				ALWAYS_SEARCH_USER_PATHS = NO;
				CLANG_ANALYZER_NONNULL = YES;
				CLANG_ANALYZER_NUMBER_OBJECT_CONVERSION = YES_AGGRESSIVE;
				CLANG_CXX_LANGUAGE_STANDARD = "gnu++17";
				CLANG_ENABLE_MODULES = YES;
				CLANG_ENABLE_OBJC_ARC = YES;
				CLANG_ENABLE_OBJC_WEAK = YES;
				CLANG_WARN_BLOCK_CAPTURE_AUTORELEASING = YES;
				CLANG_WARN_BOOL_CONVERSION = YES;
				CLANG_WARN_COMMA = YES;
				CLANG_WARN_CONSTANT_CONVERSION = YES;
				CLANG_WARN_DEPRECATED_OBJC_IMPLEMENTATIONS = YES;
				CLANG_WARN_DIRECT_OBJC_ISA_USAGE = YES_ERROR;
				CLANG_WARN_DOCUMENTATION_COMMENTS = YES;
				CLANG_WARN_EMPTY_BODY = YES;
				CLANG_WARN_ENUM_CONVERSION = YES;
				CLANG_WARN_INFINITE_RECURSION = YES;
				CLANG_WARN_INT_CONVERSION = YES;
				CLANG_WARN_NON_LITERAL_NULL_CONVERSION = YES;
				CLANG_WARN_OBJC_IMPLICIT_RETAIN_SELF = YES;
				CLANG_WARN_OBJC_LITERAL_CONVERSION = YES;
				CLANG_WARN_OBJC_ROOT_CLASS = YES_ERROR;
				CLANG_WARN_QUOTED_INCLUDE_IN_FRAMEWORK_HEADER = YES;
				CLANG_WARN_RANGE_LOOP_ANALYSIS = YES;
				CLANG_WARN_STRICT_PROTOTYPES = YES;
				CLANG_WARN_SUSPICIOUS_MOVE = YES;
				CLANG_WARN_UNGUARDED_AVAILABILITY = YES_AGGRESSIVE;
				CLANG_WARN_UNREACHABLE_CODE = YES;
				CLANG_WARN__DUPLICATE_METHOD_MATCH = YES;
				COPY_PHASE_STRIP = NO;
				DEBUG_INFORMATION_FORMAT = dwarf;
				ENABLE_STRICT_OBJC_MSGSEND = YES;
				ENABLE_TESTABILITY = YES;
				GCC_C_LANGUAGE_STANDARD = gnu11;
				GCC_DYNAMIC_NO_PIC = NO;
				GCC_NO_COMMON_BLOCKS = YES;
				GCC_OPTIMIZATION_LEVEL = 0;
				GCC_PREPROCESSOR_DEFINITIONS = (
					"DEBUG=1",
					"$(inherited)",
				);
				GCC_WARN_64_TO_32_BIT_CONVERSION = YES;
				GCC_WARN_ABOUT_RETURN_TYPE = YES_ERROR;
				GCC_WARN_UNDECLARED_SELECTOR = YES;
				GCC_WARN_UNINITIALIZED_AUTOS = YES_AGGRESSIVE;
				GCC_WARN_UNUSED_FUNCTION = YES;
				GCC_WARN_UNUSED_VARIABLE = YES;
				IPHONEOS_DEPLOYMENT_TARGET = 15.5;
				MTL_ENABLE_DEBUG_INFO = INCLUDE_SOURCE;
				MTL_FAST_MATH = YES;
				ONLY_ACTIVE_ARCH = YES;
				SDKROOT = iphoneos;
				SWIFT_ACTIVE_COMPILATION_CONDITIONS = DEBUG;
				SWIFT_OPTIMIZATION_LEVEL = "-Onone";
			};
			name = Debug;
		};
		42B7873A28B2265B002D1749 /* Release */ = {
			isa = XCBuildConfiguration;
			buildSettings = {
				ALWAYS_SEARCH_USER_PATHS = NO;
				CLANG_ANALYZER_NONNULL = YES;
				CLANG_ANALYZER_NUMBER_OBJECT_CONVERSION = YES_AGGRESSIVE;
				CLANG_CXX_LANGUAGE_STANDARD = "gnu++17";
				CLANG_ENABLE_MODULES = YES;
				CLANG_ENABLE_OBJC_ARC = YES;
				CLANG_ENABLE_OBJC_WEAK = YES;
				CLANG_WARN_BLOCK_CAPTURE_AUTORELEASING = YES;
				CLANG_WARN_BOOL_CONVERSION = YES;
				CLANG_WARN_COMMA = YES;
				CLANG_WARN_CONSTANT_CONVERSION = YES;
				CLANG_WARN_DEPRECATED_OBJC_IMPLEMENTATIONS = YES;
				CLANG_WARN_DIRECT_OBJC_ISA_USAGE = YES_ERROR;
				CLANG_WARN_DOCUMENTATION_COMMENTS = YES;
				CLANG_WARN_EMPTY_BODY = YES;
				CLANG_WARN_ENUM_CONVERSION = YES;
				CLANG_WARN_INFINITE_RECURSION = YES;
				CLANG_WARN_INT_CONVERSION = YES;
				CLANG_WARN_NON_LITERAL_NULL_CONVERSION = YES;
				CLANG_WARN_OBJC_IMPLICIT_RETAIN_SELF = YES;
				CLANG_WARN_OBJC_LITERAL_CONVERSION = YES;
				CLANG_WARN_OBJC_ROOT_CLASS = YES_ERROR;
				CLANG_WARN_QUOTED_INCLUDE_IN_FRAMEWORK_HEADER = YES;
				CLANG_WARN_RANGE_LOOP_ANALYSIS = YES;
				CLANG_WARN_STRICT_PROTOTYPES = YES;
				CLANG_WARN_SUSPICIOUS_MOVE = YES;
				CLANG_WARN_UNGUARDED_AVAILABILITY = YES_AGGRESSIVE;
				CLANG_WARN_UNREACHABLE_CODE = YES;
				CLANG_WARN__DUPLICATE_METHOD_MATCH = YES;
				COPY_PHASE_STRIP = NO;
				DEBUG_INFORMATION_FORMAT = "dwarf-with-dsym";
				ENABLE_NS_ASSERTIONS = NO;
				ENABLE_STRICT_OBJC_MSGSEND = YES;
				GCC_C_LANGUAGE_STANDARD = gnu11;
				GCC_NO_COMMON_BLOCKS = YES;
				GCC_WARN_64_TO_32_BIT_CONVERSION = YES;
				GCC_WARN_ABOUT_RETURN_TYPE = YES_ERROR;
				GCC_WARN_UNDECLARED_SELECTOR = YES;
				GCC_WARN_UNINITIALIZED_AUTOS = YES_AGGRESSIVE;
				GCC_WARN_UNUSED_FUNCTION = YES;
				GCC_WARN_UNUSED_VARIABLE = YES;
				IPHONEOS_DEPLOYMENT_TARGET = 15.5;
				MTL_ENABLE_DEBUG_INFO = NO;
				MTL_FAST_MATH = YES;
				SDKROOT = iphoneos;
				SWIFT_COMPILATION_MODE = wholemodule;
				SWIFT_OPTIMIZATION_LEVEL = "-O";
				VALIDATE_PRODUCT = YES;
			};
			name = Release;
		};
		42B7873C28B2265B002D1749 /* Debug */ = {
			isa = XCBuildConfiguration;
			buildSettings = {
				ASSETCATALOG_COMPILER_APPICON_NAME = AppIcon;
				ASSETCATALOG_COMPILER_GLOBAL_ACCENT_COLOR_NAME = AccentColor;
				CODE_SIGN_STYLE = Automatic;
				CURRENT_PROJECT_VERSION = 1;
				DEVELOPMENT_TEAM = CH36BYYATY;
				GENERATE_INFOPLIST_FILE = YES;
				INFOPLIST_FILE = Diary/Info.plist;
				INFOPLIST_KEY_UIApplicationSupportsIndirectInputEvents = YES;
				INFOPLIST_KEY_UILaunchStoryboardName = LaunchScreen;
				INFOPLIST_KEY_UIMainStoryboardFile = Main;
				INFOPLIST_KEY_UISupportedInterfaceOrientations_iPad = "UIInterfaceOrientationPortrait UIInterfaceOrientationPortraitUpsideDown UIInterfaceOrientationLandscapeLeft UIInterfaceOrientationLandscapeRight";
				INFOPLIST_KEY_UISupportedInterfaceOrientations_iPhone = "UIInterfaceOrientationPortrait UIInterfaceOrientationLandscapeLeft UIInterfaceOrientationLandscapeRight";
				LD_RUNPATH_SEARCH_PATHS = (
					"$(inherited)",
					"@executable_path/Frameworks",
				);
				MARKETING_VERSION = 1.0;
				PRODUCT_BUNDLE_IDENTIFIER = com.ryuyeon.Diary;
				PRODUCT_NAME = "$(TARGET_NAME)";
				SWIFT_EMIT_LOC_STRINGS = YES;
				SWIFT_VERSION = 5.0;
				TARGETED_DEVICE_FAMILY = "1,2";
			};
			name = Debug;
		};
		42B7873D28B2265B002D1749 /* Release */ = {
			isa = XCBuildConfiguration;
			buildSettings = {
				ASSETCATALOG_COMPILER_APPICON_NAME = AppIcon;
				ASSETCATALOG_COMPILER_GLOBAL_ACCENT_COLOR_NAME = AccentColor;
				CODE_SIGN_STYLE = Automatic;
				CURRENT_PROJECT_VERSION = 1;
				DEVELOPMENT_TEAM = CH36BYYATY;
				GENERATE_INFOPLIST_FILE = YES;
				INFOPLIST_FILE = Diary/Info.plist;
				INFOPLIST_KEY_UIApplicationSupportsIndirectInputEvents = YES;
				INFOPLIST_KEY_UILaunchStoryboardName = LaunchScreen;
				INFOPLIST_KEY_UIMainStoryboardFile = Main;
				INFOPLIST_KEY_UISupportedInterfaceOrientations_iPad = "UIInterfaceOrientationPortrait UIInterfaceOrientationPortraitUpsideDown UIInterfaceOrientationLandscapeLeft UIInterfaceOrientationLandscapeRight";
				INFOPLIST_KEY_UISupportedInterfaceOrientations_iPhone = "UIInterfaceOrientationPortrait UIInterfaceOrientationLandscapeLeft UIInterfaceOrientationLandscapeRight";
				LD_RUNPATH_SEARCH_PATHS = (
					"$(inherited)",
					"@executable_path/Frameworks",
				);
				MARKETING_VERSION = 1.0;
				PRODUCT_BUNDLE_IDENTIFIER = com.ryuyeon.Diary;
				PRODUCT_NAME = "$(TARGET_NAME)";
				SWIFT_EMIT_LOC_STRINGS = YES;
				SWIFT_VERSION = 5.0;
				TARGETED_DEVICE_FAMILY = "1,2";
			};
			name = Release;
		};
/* End XCBuildConfiguration section */

/* Begin XCConfigurationList section */
		42B7872228B22659002D1749 /* Build configuration list for PBXProject "Diary" */ = {
			isa = XCConfigurationList;
			buildConfigurations = (
				42B7873928B2265B002D1749 /* Debug */,
				42B7873A28B2265B002D1749 /* Release */,
			);
			defaultConfigurationIsVisible = 0;
			defaultConfigurationName = Release;
		};
		42B7873B28B2265B002D1749 /* Build configuration list for PBXNativeTarget "Diary" */ = {
			isa = XCConfigurationList;
			buildConfigurations = (
				42B7873C28B2265B002D1749 /* Debug */,
				42B7873D28B2265B002D1749 /* Release */,
			);
			defaultConfigurationIsVisible = 0;
			defaultConfigurationName = Release;
		};
/* End XCConfigurationList section */

/* Begin XCRemoteSwiftPackageReference section */
		42314F3D28B7016000E7DC7E /* XCRemoteSwiftPackageReference "Zip" */ = {
			isa = XCRemoteSwiftPackageReference;
			repositoryURL = "https://github.com/marmelroy/Zip.git";
			requirement = {
				kind = upToNextMajorVersion;
				minimumVersion = 2.0.0;
			};
		};
		42314F4228B7096400E7DC7E /* XCRemoteSwiftPackageReference "Kingfisher" */ = {
			isa = XCRemoteSwiftPackageReference;
			repositoryURL = "https://github.com/onevcat/Kingfisher.git";
			requirement = {
				kind = upToNextMajorVersion;
				minimumVersion = 7.0.0;
			};
		};
		424DE38728BBAE89004F37FE /* XCRemoteSwiftPackageReference "JGProgressHUD" */ = {
			isa = XCRemoteSwiftPackageReference;
			repositoryURL = "https://github.com/JonasGessner/JGProgressHUD.git";
			requirement = {
				branch = master;
				kind = branch;
			};
		};
		4293316828B64D140070AD52 /* XCRemoteSwiftPackageReference "realm-swift" */ = {
			isa = XCRemoteSwiftPackageReference;
			repositoryURL = "https://github.com/realm/realm-swift.git";
			requirement = {
				branch = master;
				kind = branch;
			};
		};
		42B7874628B227FA002D1749 /* XCRemoteSwiftPackageReference "SnapKit" */ = {
			isa = XCRemoteSwiftPackageReference;
			repositoryURL = "https://github.com/SnapKit/SnapKit.git";
			requirement = {
				branch = develop;
				kind = branch;
			};
		};
		42B7874928B22804002D1749 /* XCRemoteSwiftPackageReference "Alamofire" */ = {
			isa = XCRemoteSwiftPackageReference;
			repositoryURL = "https://github.com/Alamofire/Alamofire.git";
			requirement = {
				branch = master;
				kind = branch;
			};
		};
		42B7874F28B22818002D1749 /* XCRemoteSwiftPackageReference "SwiftyJSON" */ = {
			isa = XCRemoteSwiftPackageReference;
			repositoryURL = "https://github.com/SwiftyJSON/SwiftyJSON.git";
			requirement = {
				branch = master;
				kind = branch;
			};
		};
		42F0809828B861AB007E6D9F /* XCRemoteSwiftPackageReference "FSCalendar" */ = {
			isa = XCRemoteSwiftPackageReference;
			repositoryURL = "https://github.com/WenchaoD/FSCalendar.git";
			requirement = {
				kind = upToNextMajorVersion;
				minimumVersion = 2.0.0;
			};
		};
/* End XCRemoteSwiftPackageReference section */

/* Begin XCSwiftPackageProductDependency section */
		42314F3E28B7016000E7DC7E /* Zip */ = {
			isa = XCSwiftPackageProductDependency;
			package = 42314F3D28B7016000E7DC7E /* XCRemoteSwiftPackageReference "Zip" */;
			productName = Zip;
		};
		42314F4328B7096400E7DC7E /* Kingfisher */ = {
			isa = XCSwiftPackageProductDependency;
			package = 42314F4228B7096400E7DC7E /* XCRemoteSwiftPackageReference "Kingfisher" */;
			productName = Kingfisher;
		};
		424DE38828BBAE89004F37FE /* JGProgressHUD */ = {
			isa = XCSwiftPackageProductDependency;
			package = 424DE38728BBAE89004F37FE /* XCRemoteSwiftPackageReference "JGProgressHUD" */;
			productName = JGProgressHUD;
		};
		4293316928B64D150070AD52 /* Realm */ = {
			isa = XCSwiftPackageProductDependency;
			package = 4293316828B64D140070AD52 /* XCRemoteSwiftPackageReference "realm-swift" */;
			productName = Realm;
		};
		4293316B28B64D150070AD52 /* RealmSwift */ = {
			isa = XCSwiftPackageProductDependency;
			package = 4293316828B64D140070AD52 /* XCRemoteSwiftPackageReference "realm-swift" */;
			productName = RealmSwift;
		};
		42B7874728B227FA002D1749 /* SnapKit */ = {
			isa = XCSwiftPackageProductDependency;
			package = 42B7874628B227FA002D1749 /* XCRemoteSwiftPackageReference "SnapKit" */;
			productName = SnapKit;
		};
		42B7874A28B22804002D1749 /* Alamofire */ = {
			isa = XCSwiftPackageProductDependency;
			package = 42B7874928B22804002D1749 /* XCRemoteSwiftPackageReference "Alamofire" */;
			productName = Alamofire;
		};
		42B7875028B22818002D1749 /* SwiftyJSON */ = {
			isa = XCSwiftPackageProductDependency;
			package = 42B7874F28B22818002D1749 /* XCRemoteSwiftPackageReference "SwiftyJSON" */;
			productName = SwiftyJSON;
		};
		42F0809928B861AB007E6D9F /* FSCalendar */ = {
			isa = XCSwiftPackageProductDependency;
			package = 42F0809828B861AB007E6D9F /* XCRemoteSwiftPackageReference "FSCalendar" */;
			productName = FSCalendar;
		};
/* End XCSwiftPackageProductDependency section */
	};
	rootObject = 42B7871F28B22659002D1749 /* Project object */;
}
