// !$*UTF8*$!
{
	archiveVersion = 1;
	classes = {
	};
	objectVersion = 55;
	objects = {

/* Begin PBXBuildFile section */
		4207001C288795F700C4B84F /* MovieInfo.swift in Sources */ = {isa = PBXBuildFile; fileRef = 4207001B288795F700C4B84F /* MovieInfo.swift */; };
		4207001E2887978500C4B84F /* Movie.swift in Sources */ = {isa = PBXBuildFile; fileRef = 4207001D2887978500C4B84F /* Movie.swift */; };
		4207002028879AC800C4B84F /* RecommandCollectionViewController.swift in Sources */ = {isa = PBXBuildFile; fileRef = 4207001F28879AC800C4B84F /* RecommandCollectionViewController.swift */; };
		4207002228879DFA00C4B84F /* RecommandCollectionViewCell.swift in Sources */ = {isa = PBXBuildFile; fileRef = 4207002128879DFA00C4B84F /* RecommandCollectionViewCell.swift */; };
		420700252887AE5400C4B84F /* Kingfisher in Frameworks */ = {isa = PBXBuildFile; productRef = 420700242887AE5400C4B84F /* Kingfisher */; };
		420700282887AE5E00C4B84F /* Toast in Frameworks */ = {isa = PBXBuildFile; productRef = 420700272887AE5E00C4B84F /* Toast */; };
		420F655F2886402D00DB9EE8 /* Search.storyboard in Resources */ = {isa = PBXBuildFile; fileRef = 420F655E2886402D00DB9EE8 /* Search.storyboard */; };
		420F65612886403D00DB9EE8 /* Trend.storyboard in Resources */ = {isa = PBXBuildFile; fileRef = 420F65602886403D00DB9EE8 /* Trend.storyboard */; };
		420F65632886407700DB9EE8 /* Intro.storyboard in Resources */ = {isa = PBXBuildFile; fileRef = 420F65622886407700DB9EE8 /* Intro.storyboard */; };
		420F6565288643F800DB9EE8 /* TrendViewController.swift in Sources */ = {isa = PBXBuildFile; fileRef = 420F6564288643F700DB9EE8 /* TrendViewController.swift */; };
		420F65692886451B00DB9EE8 /* UIViewController+Extension.swift in Sources */ = {isa = PBXBuildFile; fileRef = 420F65682886451B00DB9EE8 /* UIViewController+Extension.swift */; };
		420F656B2886479700DB9EE8 /* UITextField+Extenstion.swift in Sources */ = {isa = PBXBuildFile; fileRef = 420F656A2886479700DB9EE8 /* UITextField+Extenstion.swift */; };
		420F656D28864B9400DB9EE8 /* BucketListTableViewController.swift in Sources */ = {isa = PBXBuildFile; fileRef = 420F656C28864B9400DB9EE8 /* BucketListTableViewController.swift */; };
		420F656F28864D9600DB9EE8 /* BucketListTableViewCell.swift in Sources */ = {isa = PBXBuildFile; fileRef = 420F656E28864D9600DB9EE8 /* BucketListTableViewCell.swift */; };
		424F661E2886369D004247B7 /* MySettingTableViewController.swift in Sources */ = {isa = PBXBuildFile; fileRef = 424F661D2886369D004247B7 /* MySettingTableViewController.swift */; };
		42598F892890C7BE0061C50A /* ViewController.swift in Sources */ = {isa = PBXBuildFile; fileRef = 42598F882890C7BE0061C50A /* ViewController.swift */; };
		426FDAE32888E74300D3DFF8 /* TrendTableViewController.swift in Sources */ = {isa = PBXBuildFile; fileRef = 426FDAE22888E74300D3DFF8 /* TrendTableViewController.swift */; };
		4283A8EE2884DDC200D96873 /* AppDelegate.swift in Sources */ = {isa = PBXBuildFile; fileRef = 4283A8ED2884DDC200D96873 /* AppDelegate.swift */; };
		4283A8F02884DDC200D96873 /* SceneDelegate.swift in Sources */ = {isa = PBXBuildFile; fileRef = 4283A8EF2884DDC200D96873 /* SceneDelegate.swift */; };
		4283A8F52884DDC200D96873 /* Main.storyboard in Resources */ = {isa = PBXBuildFile; fileRef = 4283A8F32884DDC200D96873 /* Main.storyboard */; };
		4283A8F72884DDC400D96873 /* Assets.xcassets in Resources */ = {isa = PBXBuildFile; fileRef = 4283A8F62884DDC400D96873 /* Assets.xcassets */; };
		4283A8FA2884DDC400D96873 /* LaunchScreen.storyboard in Resources */ = {isa = PBXBuildFile; fileRef = 4283A8F82884DDC400D96873 /* LaunchScreen.storyboard */; };
		4283A9022884F11600D96873 /* Home.storyboard in Resources */ = {isa = PBXBuildFile; fileRef = 4283A9012884F11600D96873 /* Home.storyboard */; };
		4283A9042884FE3600D96873 /* SettingTableViewController.swift in Sources */ = {isa = PBXBuildFile; fileRef = 4283A9032884FE3600D96873 /* SettingTableViewController.swift */; };
		4283A9062885262200D96873 /* Setting.storyboard in Resources */ = {isa = PBXBuildFile; fileRef = 4283A9052885262200D96873 /* Setting.storyboard */; };
		4283A9082885263D00D96873 /* Case1TableViewController.swift in Sources */ = {isa = PBXBuildFile; fileRef = 4283A9072885263D00D96873 /* Case1TableViewController.swift */; };
		4283A90A2885265D00D96873 /* Case2TableViewController.swift in Sources */ = {isa = PBXBuildFile; fileRef = 4283A9092885265D00D96873 /* Case2TableViewController.swift */; };
		428E7F512886F2670053CE46 /* Shopping.storyboard in Resources */ = {isa = PBXBuildFile; fileRef = 428E7F502886F2670053CE46 /* Shopping.storyboard */; };
		428E7F552886F2B30053CE46 /* ShoppingTableViewController.swift in Sources */ = {isa = PBXBuildFile; fileRef = 428E7F542886F2B30053CE46 /* ShoppingTableViewController.swift */; };
		428E7F572886F2E20053CE46 /* ShoppingTableViewCell.swift in Sources */ = {isa = PBXBuildFile; fileRef = 428E7F562886F2E20053CE46 /* ShoppingTableViewCell.swift */; };
		428E7F59288702F70053CE46 /* SearchTableViewController.swift in Sources */ = {isa = PBXBuildFile; fileRef = 428E7F58288702F70053CE46 /* SearchTableViewController.swift */; };
		428E7F5B2887032D0053CE46 /* SearchTableViewCell.swift in Sources */ = {isa = PBXBuildFile; fileRef = 428E7F5A2887032C0053CE46 /* SearchTableViewCell.swift */; };
		42BD8AAA288E2E280065EE01 /* Toast in Frameworks */ = {isa = PBXBuildFile; productRef = 42BD8AA9288E2E280065EE01 /* Toast */; };
/* End PBXBuildFile section */

/* Begin PBXFileReference section */
		4207001B288795F700C4B84F /* MovieInfo.swift */ = {isa = PBXFileReference; fileEncoding = 4; lastKnownFileType = sourcecode.swift; path = MovieInfo.swift; sourceTree = "<group>"; };
		4207001D2887978500C4B84F /* Movie.swift */ = {isa = PBXFileReference; lastKnownFileType = sourcecode.swift; path = Movie.swift; sourceTree = "<group>"; };
		4207001F28879AC800C4B84F /* RecommandCollectionViewController.swift */ = {isa = PBXFileReference; lastKnownFileType = sourcecode.swift; path = RecommandCollectionViewController.swift; sourceTree = "<group>"; };
		4207002128879DFA00C4B84F /* RecommandCollectionViewCell.swift */ = {isa = PBXFileReference; lastKnownFileType = sourcecode.swift; path = RecommandCollectionViewCell.swift; sourceTree = "<group>"; };
		420F655E2886402D00DB9EE8 /* Search.storyboard */ = {isa = PBXFileReference; lastKnownFileType = file.storyboard; path = Search.storyboard; sourceTree = "<group>"; };
		420F65602886403D00DB9EE8 /* Trend.storyboard */ = {isa = PBXFileReference; lastKnownFileType = file.storyboard; path = Trend.storyboard; sourceTree = "<group>"; };
		420F65622886407700DB9EE8 /* Intro.storyboard */ = {isa = PBXFileReference; lastKnownFileType = file.storyboard; path = Intro.storyboard; sourceTree = "<group>"; };
		420F6564288643F700DB9EE8 /* TrendViewController.swift */ = {isa = PBXFileReference; lastKnownFileType = sourcecode.swift; path = TrendViewController.swift; sourceTree = "<group>"; };
		420F65682886451B00DB9EE8 /* UIViewController+Extension.swift */ = {isa = PBXFileReference; lastKnownFileType = sourcecode.swift; path = "UIViewController+Extension.swift"; sourceTree = "<group>"; };
		420F656A2886479700DB9EE8 /* UITextField+Extenstion.swift */ = {isa = PBXFileReference; lastKnownFileType = sourcecode.swift; path = "UITextField+Extenstion.swift"; sourceTree = "<group>"; };
		420F656C28864B9400DB9EE8 /* BucketListTableViewController.swift */ = {isa = PBXFileReference; lastKnownFileType = sourcecode.swift; path = BucketListTableViewController.swift; sourceTree = "<group>"; };
		420F656E28864D9600DB9EE8 /* BucketListTableViewCell.swift */ = {isa = PBXFileReference; lastKnownFileType = sourcecode.swift; path = BucketListTableViewCell.swift; sourceTree = "<group>"; };
		424F661D2886369D004247B7 /* MySettingTableViewController.swift */ = {isa = PBXFileReference; lastKnownFileType = sourcecode.swift; path = MySettingTableViewController.swift; sourceTree = "<group>"; };
		42598F882890C7BE0061C50A /* ViewController.swift */ = {isa = PBXFileReference; lastKnownFileType = sourcecode.swift; path = ViewController.swift; sourceTree = "<group>"; };
		426FDAE22888E74300D3DFF8 /* TrendTableViewController.swift */ = {isa = PBXFileReference; lastKnownFileType = sourcecode.swift; path = TrendTableViewController.swift; sourceTree = "<group>"; };
		4283A8EA2884DDC200D96873 /* TrendMedia.app */ = {isa = PBXFileReference; explicitFileType = wrapper.application; includeInIndex = 0; path = TrendMedia.app; sourceTree = BUILT_PRODUCTS_DIR; };
		4283A8ED2884DDC200D96873 /* AppDelegate.swift */ = {isa = PBXFileReference; lastKnownFileType = sourcecode.swift; path = AppDelegate.swift; sourceTree = "<group>"; };
		4283A8EF2884DDC200D96873 /* SceneDelegate.swift */ = {isa = PBXFileReference; lastKnownFileType = sourcecode.swift; path = SceneDelegate.swift; sourceTree = "<group>"; };
		4283A8F42884DDC200D96873 /* Base */ = {isa = PBXFileReference; lastKnownFileType = file.storyboard; name = Base; path = Base.lproj/Main.storyboard; sourceTree = "<group>"; };
		4283A8F62884DDC400D96873 /* Assets.xcassets */ = {isa = PBXFileReference; lastKnownFileType = folder.assetcatalog; path = Assets.xcassets; sourceTree = "<group>"; };
		4283A8F92884DDC400D96873 /* Base */ = {isa = PBXFileReference; lastKnownFileType = file.storyboard; name = Base; path = Base.lproj/LaunchScreen.storyboard; sourceTree = "<group>"; };
		4283A8FB2884DDC400D96873 /* Info.plist */ = {isa = PBXFileReference; lastKnownFileType = text.plist.xml; path = Info.plist; sourceTree = "<group>"; };
		4283A9012884F11600D96873 /* Home.storyboard */ = {isa = PBXFileReference; lastKnownFileType = file.storyboard; path = Home.storyboard; sourceTree = "<group>"; };
		4283A9032884FE3600D96873 /* SettingTableViewController.swift */ = {isa = PBXFileReference; lastKnownFileType = sourcecode.swift; path = SettingTableViewController.swift; sourceTree = "<group>"; };
		4283A9052885262200D96873 /* Setting.storyboard */ = {isa = PBXFileReference; lastKnownFileType = file.storyboard; path = Setting.storyboard; sourceTree = "<group>"; };
		4283A9072885263D00D96873 /* Case1TableViewController.swift */ = {isa = PBXFileReference; lastKnownFileType = sourcecode.swift; path = Case1TableViewController.swift; sourceTree = "<group>"; };
		4283A9092885265D00D96873 /* Case2TableViewController.swift */ = {isa = PBXFileReference; lastKnownFileType = sourcecode.swift; path = Case2TableViewController.swift; sourceTree = "<group>"; };
		428E7F502886F2670053CE46 /* Shopping.storyboard */ = {isa = PBXFileReference; lastKnownFileType = file.storyboard; path = Shopping.storyboard; sourceTree = "<group>"; };
		428E7F542886F2B30053CE46 /* ShoppingTableViewController.swift */ = {isa = PBXFileReference; lastKnownFileType = sourcecode.swift; path = ShoppingTableViewController.swift; sourceTree = "<group>"; };
		428E7F562886F2E20053CE46 /* ShoppingTableViewCell.swift */ = {isa = PBXFileReference; lastKnownFileType = sourcecode.swift; path = ShoppingTableViewCell.swift; sourceTree = "<group>"; };
		428E7F58288702F70053CE46 /* SearchTableViewController.swift */ = {isa = PBXFileReference; lastKnownFileType = sourcecode.swift; path = SearchTableViewController.swift; sourceTree = "<group>"; };
		428E7F5A2887032C0053CE46 /* SearchTableViewCell.swift */ = {isa = PBXFileReference; lastKnownFileType = sourcecode.swift; path = SearchTableViewCell.swift; sourceTree = "<group>"; };
/* End PBXFileReference section */

/* Begin PBXFrameworksBuildPhase section */
		4283A8E72884DDC200D96873 /* Frameworks */ = {
			isa = PBXFrameworksBuildPhase;
			buildActionMask = 2147483647;
			files = (
				42BD8AAA288E2E280065EE01 /* Toast in Frameworks */,
				420700282887AE5E00C4B84F /* Toast in Frameworks */,
				420700252887AE5400C4B84F /* Kingfisher in Frameworks */,
			);
			runOnlyForDeploymentPostprocessing = 0;
		};
/* End PBXFrameworksBuildPhase section */

/* Begin PBXGroup section */
		42598F872890C73F0061C50A /* Extension */ = {
			isa = PBXGroup;
			children = (
				420F65682886451B00DB9EE8 /* UIViewController+Extension.swift */,
				420F656A2886479700DB9EE8 /* UITextField+Extenstion.swift */,
			);
			path = Extension;
			sourceTree = "<group>";
		};
		4283A8E12884DDC200D96873 = {
			isa = PBXGroup;
			children = (
				4283A8EC2884DDC200D96873 /* TrendMedia */,
				4283A8EB2884DDC200D96873 /* Products */,
			);
			sourceTree = "<group>";
		};
		4283A8EB2884DDC200D96873 /* Products */ = {
			isa = PBXGroup;
			children = (
				4283A8EA2884DDC200D96873 /* TrendMedia.app */,
			);
			name = Products;
			sourceTree = "<group>";
		};
		4283A8EC2884DDC200D96873 /* TrendMedia */ = {
			isa = PBXGroup;
			children = (
				4283A8ED2884DDC200D96873 /* AppDelegate.swift */,
				4283A8EF2884DDC200D96873 /* SceneDelegate.swift */,
				42598F872890C73F0061C50A /* Extension */,
				4283A8F32884DDC200D96873 /* Main.storyboard */,
				4283A9012884F11600D96873 /* Home.storyboard */,
				420F65622886407700DB9EE8 /* Intro.storyboard */,
				4283A9052885262200D96873 /* Setting.storyboard */,
				420F655E2886402D00DB9EE8 /* Search.storyboard */,
				42598F882890C7BE0061C50A /* ViewController.swift */,
				4207001B288795F700C4B84F /* MovieInfo.swift */,
				4207001D2887978500C4B84F /* Movie.swift */,
				428E7F5A2887032C0053CE46 /* SearchTableViewCell.swift */,
				428E7F58288702F70053CE46 /* SearchTableViewController.swift */,
				420F65602886403D00DB9EE8 /* Trend.storyboard */,
				426FDAE22888E74300D3DFF8 /* TrendTableViewController.swift */,
				4207002128879DFA00C4B84F /* RecommandCollectionViewCell.swift */,
				4207001F28879AC800C4B84F /* RecommandCollectionViewController.swift */,
				428E7F502886F2670053CE46 /* Shopping.storyboard */,
				428E7F562886F2E20053CE46 /* ShoppingTableViewCell.swift */,
				428E7F542886F2B30053CE46 /* ShoppingTableViewController.swift */,
				420F656E28864D9600DB9EE8 /* BucketListTableViewCell.swift */,
				420F656C28864B9400DB9EE8 /* BucketListTableViewController.swift */,
				420F6564288643F700DB9EE8 /* TrendViewController.swift */,
				424F661D2886369D004247B7 /* MySettingTableViewController.swift */,
				4283A9072885263D00D96873 /* Case1TableViewController.swift */,
				4283A9092885265D00D96873 /* Case2TableViewController.swift */,
				4283A9032884FE3600D96873 /* SettingTableViewController.swift */,
				4283A8F62884DDC400D96873 /* Assets.xcassets */,
				4283A8F82884DDC400D96873 /* LaunchScreen.storyboard */,
				4283A8FB2884DDC400D96873 /* Info.plist */,
			);
			path = TrendMedia;
			sourceTree = "<group>";
		};
/* End PBXGroup section */

/* Begin PBXNativeTarget section */
		4283A8E92884DDC200D96873 /* TrendMedia */ = {
			isa = PBXNativeTarget;
			buildConfigurationList = 4283A8FE2884DDC400D96873 /* Build configuration list for PBXNativeTarget "TrendMedia" */;
			buildPhases = (
				4283A8E62884DDC200D96873 /* Sources */,
				4283A8E72884DDC200D96873 /* Frameworks */,
				4283A8E82884DDC200D96873 /* Resources */,
			);
			buildRules = (
			);
			dependencies = (
			);
			name = TrendMedia;
			packageProductDependencies = (
				420700242887AE5400C4B84F /* Kingfisher */,
				420700272887AE5E00C4B84F /* Toast */,
				42BD8AA9288E2E280065EE01 /* Toast */,
			);
			productName = TrendMedia;
			productReference = 4283A8EA2884DDC200D96873 /* TrendMedia.app */;
			productType = "com.apple.product-type.application";
		};
/* End PBXNativeTarget section */

/* Begin PBXProject section */
		4283A8E22884DDC200D96873 /* Project object */ = {
			isa = PBXProject;
			attributes = {
				BuildIndependentTargetsInParallel = 1;
				LastSwiftUpdateCheck = 1340;
				LastUpgradeCheck = 1340;
				TargetAttributes = {
					4283A8E92884DDC200D96873 = {
						CreatedOnToolsVersion = 13.4.1;
					};
				};
			};
			buildConfigurationList = 4283A8E52884DDC200D96873 /* Build configuration list for PBXProject "TrendMedia" */;
			compatibilityVersion = "Xcode 13.0";
			developmentRegion = en;
			hasScannedForEncodings = 0;
			knownRegions = (
				en,
				Base,
			);
			mainGroup = 4283A8E12884DDC200D96873;
			packageReferences = (
				420700232887AE5300C4B84F /* XCRemoteSwiftPackageReference "Kingfisher" */,
				420700262887AE5E00C4B84F /* XCRemoteSwiftPackageReference "Toast-Swift" */,
			);
			productRefGroup = 4283A8EB2884DDC200D96873 /* Products */;
			projectDirPath = "";
			projectRoot = "";
			targets = (
				4283A8E92884DDC200D96873 /* TrendMedia */,
			);
		};
/* End PBXProject section */

/* Begin PBXResourcesBuildPhase section */
		4283A8E82884DDC200D96873 /* Resources */ = {
			isa = PBXResourcesBuildPhase;
			buildActionMask = 2147483647;
			files = (
				420F65612886403D00DB9EE8 /* Trend.storyboard in Resources */,
				4283A8FA2884DDC400D96873 /* LaunchScreen.storyboard in Resources */,
				4283A8F72884DDC400D96873 /* Assets.xcassets in Resources */,
				420F65632886407700DB9EE8 /* Intro.storyboard in Resources */,
				4283A9062885262200D96873 /* Setting.storyboard in Resources */,
				4283A8F52884DDC200D96873 /* Main.storyboard in Resources */,
				428E7F512886F2670053CE46 /* Shopping.storyboard in Resources */,
				420F655F2886402D00DB9EE8 /* Search.storyboard in Resources */,
				4283A9022884F11600D96873 /* Home.storyboard in Resources */,
			);
			runOnlyForDeploymentPostprocessing = 0;
		};
/* End PBXResourcesBuildPhase section */

/* Begin PBXSourcesBuildPhase section */
		4283A8E62884DDC200D96873 /* Sources */ = {
			isa = PBXSourcesBuildPhase;
			buildActionMask = 2147483647;
			files = (
				4207002028879AC800C4B84F /* RecommandCollectionViewController.swift in Sources */,
				420F6565288643F800DB9EE8 /* TrendViewController.swift in Sources */,
				426FDAE32888E74300D3DFF8 /* TrendTableViewController.swift in Sources */,
				424F661E2886369D004247B7 /* MySettingTableViewController.swift in Sources */,
				4207002228879DFA00C4B84F /* RecommandCollectionViewCell.swift in Sources */,
				4207001E2887978500C4B84F /* Movie.swift in Sources */,
				4283A9042884FE3600D96873 /* SettingTableViewController.swift in Sources */,
				420F656F28864D9600DB9EE8 /* BucketListTableViewCell.swift in Sources */,
				4283A9082885263D00D96873 /* Case1TableViewController.swift in Sources */,
				4283A90A2885265D00D96873 /* Case2TableViewController.swift in Sources */,
				428E7F59288702F70053CE46 /* SearchTableViewController.swift in Sources */,
				420F656D28864B9400DB9EE8 /* BucketListTableViewController.swift in Sources */,
				420F656B2886479700DB9EE8 /* UITextField+Extenstion.swift in Sources */,
				4207001C288795F700C4B84F /* MovieInfo.swift in Sources */,
				428E7F572886F2E20053CE46 /* ShoppingTableViewCell.swift in Sources */,
				4283A8EE2884DDC200D96873 /* AppDelegate.swift in Sources */,
				420F65692886451B00DB9EE8 /* UIViewController+Extension.swift in Sources */,
				428E7F5B2887032D0053CE46 /* SearchTableViewCell.swift in Sources */,
				42598F892890C7BE0061C50A /* ViewController.swift in Sources */,
				4283A8F02884DDC200D96873 /* SceneDelegate.swift in Sources */,
				428E7F552886F2B30053CE46 /* ShoppingTableViewController.swift in Sources */,
			);
			runOnlyForDeploymentPostprocessing = 0;
		};
/* End PBXSourcesBuildPhase section */

/* Begin PBXVariantGroup section */
		4283A8F32884DDC200D96873 /* Main.storyboard */ = {
			isa = PBXVariantGroup;
			children = (
				4283A8F42884DDC200D96873 /* Base */,
			);
			name = Main.storyboard;
			sourceTree = "<group>";
		};
		4283A8F82884DDC400D96873 /* LaunchScreen.storyboard */ = {
			isa = PBXVariantGroup;
			children = (
				4283A8F92884DDC400D96873 /* Base */,
			);
			name = LaunchScreen.storyboard;
			sourceTree = "<group>";
		};
/* End PBXVariantGroup section */

/* Begin XCBuildConfiguration section */
		4283A8FC2884DDC400D96873 /* Debug */ = {
			isa = XCBuildConfiguration;
			buildSettings = {
				ALWAYS_SEARCH_USER_PATHS = NO;
				CLANG_ANALYZER_NONNULL = YES;
				CLANG_ANALYZER_NUMBER_OBJECT_CONVERSION = YES_AGGRESSIVE;
				CLANG_CXX_LANGUAGE_STANDARD = "gnu++17";
				CLANG_ENABLE_MODULES = YES;
				CLANG_ENABLE_OBJC_ARC = YES;
				CLANG_ENABLE_OBJC_WEAK = YES;
				CLANG_WARN_BLOCK_CAPTURE_AUTORELEASING = YES;
				CLANG_WARN_BOOL_CONVERSION = YES;
				CLANG_WARN_COMMA = YES;
				CLANG_WARN_CONSTANT_CONVERSION = YES;
				CLANG_WARN_DEPRECATED_OBJC_IMPLEMENTATIONS = YES;
				CLANG_WARN_DIRECT_OBJC_ISA_USAGE = YES_ERROR;
				CLANG_WARN_DOCUMENTATION_COMMENTS = YES;
				CLANG_WARN_EMPTY_BODY = YES;
				CLANG_WARN_ENUM_CONVERSION = YES;
				CLANG_WARN_INFINITE_RECURSION = YES;
				CLANG_WARN_INT_CONVERSION = YES;
				CLANG_WARN_NON_LITERAL_NULL_CONVERSION = YES;
				CLANG_WARN_OBJC_IMPLICIT_RETAIN_SELF = YES;
				CLANG_WARN_OBJC_LITERAL_CONVERSION = YES;
				CLANG_WARN_OBJC_ROOT_CLASS = YES_ERROR;
				CLANG_WARN_QUOTED_INCLUDE_IN_FRAMEWORK_HEADER = YES;
				CLANG_WARN_RANGE_LOOP_ANALYSIS = YES;
				CLANG_WARN_STRICT_PROTOTYPES = YES;
				CLANG_WARN_SUSPICIOUS_MOVE = YES;
				CLANG_WARN_UNGUARDED_AVAILABILITY = YES_AGGRESSIVE;
				CLANG_WARN_UNREACHABLE_CODE = YES;
				CLANG_WARN__DUPLICATE_METHOD_MATCH = YES;
				COPY_PHASE_STRIP = NO;
				DEBUG_INFORMATION_FORMAT = dwarf;
				ENABLE_STRICT_OBJC_MSGSEND = YES;
				ENABLE_TESTABILITY = YES;
				GCC_C_LANGUAGE_STANDARD = gnu11;
				GCC_DYNAMIC_NO_PIC = NO;
				GCC_NO_COMMON_BLOCKS = YES;
				GCC_OPTIMIZATION_LEVEL = 0;
				GCC_PREPROCESSOR_DEFINITIONS = (
					"DEBUG=1",
					"$(inherited)",
				);
				GCC_WARN_64_TO_32_BIT_CONVERSION = YES;
				GCC_WARN_ABOUT_RETURN_TYPE = YES_ERROR;
				GCC_WARN_UNDECLARED_SELECTOR = YES;
				GCC_WARN_UNINITIALIZED_AUTOS = YES_AGGRESSIVE;
				GCC_WARN_UNUSED_FUNCTION = YES;
				GCC_WARN_UNUSED_VARIABLE = YES;
				IPHONEOS_DEPLOYMENT_TARGET = 15.5;
				MTL_ENABLE_DEBUG_INFO = INCLUDE_SOURCE;
				MTL_FAST_MATH = YES;
				ONLY_ACTIVE_ARCH = YES;
				SDKROOT = iphoneos;
				SWIFT_ACTIVE_COMPILATION_CONDITIONS = DEBUG;
				SWIFT_OPTIMIZATION_LEVEL = "-Onone";
			};
			name = Debug;
		};
		4283A8FD2884DDC400D96873 /* Release */ = {
			isa = XCBuildConfiguration;
			buildSettings = {
				ALWAYS_SEARCH_USER_PATHS = NO;
				CLANG_ANALYZER_NONNULL = YES;
				CLANG_ANALYZER_NUMBER_OBJECT_CONVERSION = YES_AGGRESSIVE;
				CLANG_CXX_LANGUAGE_STANDARD = "gnu++17";
				CLANG_ENABLE_MODULES = YES;
				CLANG_ENABLE_OBJC_ARC = YES;
				CLANG_ENABLE_OBJC_WEAK = YES;
				CLANG_WARN_BLOCK_CAPTURE_AUTORELEASING = YES;
				CLANG_WARN_BOOL_CONVERSION = YES;
				CLANG_WARN_COMMA = YES;
				CLANG_WARN_CONSTANT_CONVERSION = YES;
				CLANG_WARN_DEPRECATED_OBJC_IMPLEMENTATIONS = YES;
				CLANG_WARN_DIRECT_OBJC_ISA_USAGE = YES_ERROR;
				CLANG_WARN_DOCUMENTATION_COMMENTS = YES;
				CLANG_WARN_EMPTY_BODY = YES;
				CLANG_WARN_ENUM_CONVERSION = YES;
				CLANG_WARN_INFINITE_RECURSION = YES;
				CLANG_WARN_INT_CONVERSION = YES;
				CLANG_WARN_NON_LITERAL_NULL_CONVERSION = YES;
				CLANG_WARN_OBJC_IMPLICIT_RETAIN_SELF = YES;
				CLANG_WARN_OBJC_LITERAL_CONVERSION = YES;
				CLANG_WARN_OBJC_ROOT_CLASS = YES_ERROR;
				CLANG_WARN_QUOTED_INCLUDE_IN_FRAMEWORK_HEADER = YES;
				CLANG_WARN_RANGE_LOOP_ANALYSIS = YES;
				CLANG_WARN_STRICT_PROTOTYPES = YES;
				CLANG_WARN_SUSPICIOUS_MOVE = YES;
				CLANG_WARN_UNGUARDED_AVAILABILITY = YES_AGGRESSIVE;
				CLANG_WARN_UNREACHABLE_CODE = YES;
				CLANG_WARN__DUPLICATE_METHOD_MATCH = YES;
				COPY_PHASE_STRIP = NO;
				DEBUG_INFORMATION_FORMAT = "dwarf-with-dsym";
				ENABLE_NS_ASSERTIONS = NO;
				ENABLE_STRICT_OBJC_MSGSEND = YES;
				GCC_C_LANGUAGE_STANDARD = gnu11;
				GCC_NO_COMMON_BLOCKS = YES;
				GCC_WARN_64_TO_32_BIT_CONVERSION = YES;
				GCC_WARN_ABOUT_RETURN_TYPE = YES_ERROR;
				GCC_WARN_UNDECLARED_SELECTOR = YES;
				GCC_WARN_UNINITIALIZED_AUTOS = YES_AGGRESSIVE;
				GCC_WARN_UNUSED_FUNCTION = YES;
				GCC_WARN_UNUSED_VARIABLE = YES;
				IPHONEOS_DEPLOYMENT_TARGET = 15.5;
				MTL_ENABLE_DEBUG_INFO = NO;
				MTL_FAST_MATH = YES;
				SDKROOT = iphoneos;
				SWIFT_COMPILATION_MODE = wholemodule;
				SWIFT_OPTIMIZATION_LEVEL = "-O";
				VALIDATE_PRODUCT = YES;
			};
			name = Release;
		};
		4283A8FF2884DDC400D96873 /* Debug */ = {
			isa = XCBuildConfiguration;
			buildSettings = {
				ASSETCATALOG_COMPILER_APPICON_NAME = AppIcon;
				ASSETCATALOG_COMPILER_GLOBAL_ACCENT_COLOR_NAME = AccentColor;
				CODE_SIGN_STYLE = Automatic;
				CURRENT_PROJECT_VERSION = 1;
				DEVELOPMENT_TEAM = CH36BYYATY;
				GENERATE_INFOPLIST_FILE = YES;
				INFOPLIST_FILE = TrendMedia/Info.plist;
				INFOPLIST_KEY_UIApplicationSupportsIndirectInputEvents = YES;
				INFOPLIST_KEY_UILaunchStoryboardName = LaunchScreen;
				INFOPLIST_KEY_UIMainStoryboardFile = Trend;
				INFOPLIST_KEY_UISupportedInterfaceOrientations_iPad = "UIInterfaceOrientationPortrait UIInterfaceOrientationPortraitUpsideDown UIInterfaceOrientationLandscapeLeft UIInterfaceOrientationLandscapeRight";
				INFOPLIST_KEY_UISupportedInterfaceOrientations_iPhone = "UIInterfaceOrientationPortrait UIInterfaceOrientationLandscapeLeft UIInterfaceOrientationLandscapeRight";
				LD_RUNPATH_SEARCH_PATHS = (
					"$(inherited)",
					"@executable_path/Frameworks",
				);
				MARKETING_VERSION = 1.0;
				PRODUCT_BUNDLE_IDENTIFIER = com.ryuyeon.TrendMedia;
				PRODUCT_NAME = "$(TARGET_NAME)";
				SWIFT_EMIT_LOC_STRINGS = YES;
				SWIFT_VERSION = 5.0;
				TARGETED_DEVICE_FAMILY = "1,2";
			};
			name = Debug;
		};
		4283A9002884DDC400D96873 /* Release */ = {
			isa = XCBuildConfiguration;
			buildSettings = {
				ASSETCATALOG_COMPILER_APPICON_NAME = AppIcon;
				ASSETCATALOG_COMPILER_GLOBAL_ACCENT_COLOR_NAME = AccentColor;
				CODE_SIGN_STYLE = Automatic;
				CURRENT_PROJECT_VERSION = 1;
				DEVELOPMENT_TEAM = CH36BYYATY;
				GENERATE_INFOPLIST_FILE = YES;
				INFOPLIST_FILE = TrendMedia/Info.plist;
				INFOPLIST_KEY_UIApplicationSupportsIndirectInputEvents = YES;
				INFOPLIST_KEY_UILaunchStoryboardName = LaunchScreen;
				INFOPLIST_KEY_UIMainStoryboardFile = Trend;
				INFOPLIST_KEY_UISupportedInterfaceOrientations_iPad = "UIInterfaceOrientationPortrait UIInterfaceOrientationPortraitUpsideDown UIInterfaceOrientationLandscapeLeft UIInterfaceOrientationLandscapeRight";
				INFOPLIST_KEY_UISupportedInterfaceOrientations_iPhone = "UIInterfaceOrientationPortrait UIInterfaceOrientationLandscapeLeft UIInterfaceOrientationLandscapeRight";
				LD_RUNPATH_SEARCH_PATHS = (
					"$(inherited)",
					"@executable_path/Frameworks",
				);
				MARKETING_VERSION = 1.0;
				PRODUCT_BUNDLE_IDENTIFIER = com.ryuyeon.TrendMedia;
				PRODUCT_NAME = "$(TARGET_NAME)";
				SWIFT_EMIT_LOC_STRINGS = YES;
				SWIFT_VERSION = 5.0;
				TARGETED_DEVICE_FAMILY = "1,2";
			};
			name = Release;
		};
/* End XCBuildConfiguration section */

/* Begin XCConfigurationList section */
		4283A8E52884DDC200D96873 /* Build configuration list for PBXProject "TrendMedia" */ = {
			isa = XCConfigurationList;
			buildConfigurations = (
				4283A8FC2884DDC400D96873 /* Debug */,
				4283A8FD2884DDC400D96873 /* Release */,
			);
			defaultConfigurationIsVisible = 0;
			defaultConfigurationName = Release;
		};
		4283A8FE2884DDC400D96873 /* Build configuration list for PBXNativeTarget "TrendMedia" */ = {
			isa = XCConfigurationList;
			buildConfigurations = (
				4283A8FF2884DDC400D96873 /* Debug */,
				4283A9002884DDC400D96873 /* Release */,
			);
			defaultConfigurationIsVisible = 0;
			defaultConfigurationName = Release;
		};
/* End XCConfigurationList section */

/* Begin XCRemoteSwiftPackageReference section */
		420700232887AE5300C4B84F /* XCRemoteSwiftPackageReference "Kingfisher" */ = {
			isa = XCRemoteSwiftPackageReference;
			repositoryURL = "https://github.com/onevcat/Kingfisher.git";
			requirement = {
				kind = upToNextMajorVersion;
				minimumVersion = 7.0.0;
			};
		};
		420700262887AE5E00C4B84F /* XCRemoteSwiftPackageReference "Toast-Swift" */ = {
			isa = XCRemoteSwiftPackageReference;
			repositoryURL = "https://github.com/scalessec/Toast-Swift.git";
			requirement = {
				kind = upToNextMajorVersion;
				minimumVersion = 5.0.0;
			};
		};
/* End XCRemoteSwiftPackageReference section */

/* Begin XCSwiftPackageProductDependency section */
		420700242887AE5400C4B84F /* Kingfisher */ = {
			isa = XCSwiftPackageProductDependency;
			package = 420700232887AE5300C4B84F /* XCRemoteSwiftPackageReference "Kingfisher" */;
			productName = Kingfisher;
		};
		420700272887AE5E00C4B84F /* Toast */ = {
			isa = XCSwiftPackageProductDependency;
			package = 420700262887AE5E00C4B84F /* XCRemoteSwiftPackageReference "Toast-Swift" */;
			productName = Toast;
		};
		42BD8AA9288E2E280065EE01 /* Toast */ = {
			isa = XCSwiftPackageProductDependency;
			package = 420700262887AE5E00C4B84F /* XCRemoteSwiftPackageReference "Toast-Swift" */;
			productName = Toast;
		};
/* End XCSwiftPackageProductDependency section */
	};
	rootObject = 4283A8E22884DDC200D96873 /* Project object */;
}
