// !$*UTF8*$!
{
	archiveVersion = 1;
	classes = {
	};
	objectVersion = 55;
	objects = {

/* Begin PBXBuildFile section */
		42220FD728A3307A00EC206C /* ReusableViewProtocol.swift in Sources */ = {isa = PBXBuildFile; fileRef = 42220FD628A3307A00EC206C /* ReusableViewProtocol.swift */; };
		42220FD928A343DB00EC206C /* TMDBAPIManager.swift in Sources */ = {isa = PBXBuildFile; fileRef = 42220FD828A343DB00EC206C /* TMDBAPIManager.swift */; };
		4235BEE828A0AC0300520361 /* ClosureViewController.swift in Sources */ = {isa = PBXBuildFile; fileRef = 4235BEE728A0AC0300520361 /* ClosureViewController.swift */; };
		4235BEEA28A0B77B00520361 /* TableViewCell.swift in Sources */ = {isa = PBXBuildFile; fileRef = 4235BEE928A0B77B00520361 /* TableViewCell.swift */; };
		4238608228A4939A0066FE26 /* MapViewController.swift in Sources */ = {isa = PBXBuildFile; fileRef = 4238608128A4939A0066FE26 /* MapViewController.swift */; };
		428F391228A5D6DF00B5BDD8 /* YPImagePicker in Frameworks */ = {isa = PBXBuildFile; productRef = 428F391128A5D6DF00B5BDD8 /* YPImagePicker */; };
		428F391428A5DD2100B5BDD8 /* CameraViewController.swift in Sources */ = {isa = PBXBuildFile; fileRef = 428F391328A5DD2100B5BDD8 /* CameraViewController.swift */; };
		42DE74FB28A1E031000D63C1 /* SeSacButton.swift in Sources */ = {isa = PBXBuildFile; fileRef = 42DE74FA28A1E031000D63C1 /* SeSacButton.swift */; };
		42DE74FD28A1E5FF000D63C1 /* CardView.xib in Resources */ = {isa = PBXBuildFile; fileRef = 42DE74FC28A1E5FF000D63C1 /* CardView.xib */; };
		42DE74FF28A1E633000D63C1 /* CardView.swift in Sources */ = {isa = PBXBuildFile; fileRef = 42DE74FE28A1E633000D63C1 /* CardView.swift */; };
		42DE750228A1F384000D63C1 /* CardCollectionViewCell.swift in Sources */ = {isa = PBXBuildFile; fileRef = 42DE750028A1F384000D63C1 /* CardCollectionViewCell.swift */; };
		42DE750328A1F384000D63C1 /* CardCollectionViewCell.xib in Resources */ = {isa = PBXBuildFile; fileRef = 42DE750128A1F384000D63C1 /* CardCollectionViewCell.xib */; };
		42DE750528A1F630000D63C1 /* MainViewController.swift in Sources */ = {isa = PBXBuildFile; fileRef = 42DE750428A1F630000D63C1 /* MainViewController.swift */; };
		42DE750728A1FC2D000D63C1 /* MainTableViewCell.swift in Sources */ = {isa = PBXBuildFile; fileRef = 42DE750628A1FC2C000D63C1 /* MainTableViewCell.swift */; };
		42E7A9A328A0900300207A9C /* AppDelegate.swift in Sources */ = {isa = PBXBuildFile; fileRef = 42E7A9A228A0900300207A9C /* AppDelegate.swift */; };
		42E7A9A528A0900300207A9C /* SceneDelegate.swift in Sources */ = {isa = PBXBuildFile; fileRef = 42E7A9A428A0900300207A9C /* SceneDelegate.swift */; };
		42E7A9A728A0900300207A9C /* ViewController.swift in Sources */ = {isa = PBXBuildFile; fileRef = 42E7A9A628A0900300207A9C /* ViewController.swift */; };
		42E7A9AA28A0900300207A9C /* Main.storyboard in Resources */ = {isa = PBXBuildFile; fileRef = 42E7A9A828A0900300207A9C /* Main.storyboard */; };
		42E7A9AC28A0900500207A9C /* Assets.xcassets in Resources */ = {isa = PBXBuildFile; fileRef = 42E7A9AB28A0900500207A9C /* Assets.xcassets */; };
		42E7A9AF28A0900500207A9C /* LaunchScreen.storyboard in Resources */ = {isa = PBXBuildFile; fileRef = 42E7A9AD28A0900500207A9C /* LaunchScreen.storyboard */; };
		42E7A9B828A0901700207A9C /* Kingfisher in Frameworks */ = {isa = PBXBuildFile; productRef = 42E7A9B728A0901700207A9C /* Kingfisher */; };
		42E7A9BB28A0902300207A9C /* Alamofire in Frameworks */ = {isa = PBXBuildFile; productRef = 42E7A9BA28A0902300207A9C /* Alamofire */; };
		42E7A9BE28A0902F00207A9C /* SwiftyJSON in Frameworks */ = {isa = PBXBuildFile; productRef = 42E7A9BD28A0902F00207A9C /* SwiftyJSON */; };
		42E7A9C028A0914000207A9C /* APIKey.swift in Sources */ = {isa = PBXBuildFile; fileRef = 42E7A9BF28A0914000207A9C /* APIKey.swift */; };
		42E7A9C328A094A000207A9C /* EndPoint.swift in Sources */ = {isa = PBXBuildFile; fileRef = 42E7A9C228A094A000207A9C /* EndPoint.swift */; };
		42E7A9C528A0951100207A9C /* URL+Extension.swift in Sources */ = {isa = PBXBuildFile; fileRef = 42E7A9C428A0951100207A9C /* URL+Extension.swift */; };
		42E7A9C728A0A78D00207A9C /* KakaoAPIManager.swift in Sources */ = {isa = PBXBuildFile; fileRef = 42E7A9C628A0A78D00207A9C /* KakaoAPIManager.swift */; };
/* End PBXBuildFile section */

/* Begin PBXFileReference section */
		42220FD628A3307A00EC206C /* ReusableViewProtocol.swift */ = {isa = PBXFileReference; lastKnownFileType = sourcecode.swift; path = ReusableViewProtocol.swift; sourceTree = "<group>"; };
		42220FD828A343DB00EC206C /* TMDBAPIManager.swift */ = {isa = PBXFileReference; lastKnownFileType = sourcecode.swift; path = TMDBAPIManager.swift; sourceTree = "<group>"; };
		4235BEE728A0AC0300520361 /* ClosureViewController.swift */ = {isa = PBXFileReference; lastKnownFileType = sourcecode.swift; path = ClosureViewController.swift; sourceTree = "<group>"; };
		4235BEE928A0B77B00520361 /* TableViewCell.swift */ = {isa = PBXFileReference; lastKnownFileType = sourcecode.swift; path = TableViewCell.swift; sourceTree = "<group>"; };
		4238608128A4939A0066FE26 /* MapViewController.swift */ = {isa = PBXFileReference; lastKnownFileType = sourcecode.swift; path = MapViewController.swift; sourceTree = "<group>"; };
		428F391328A5DD2100B5BDD8 /* CameraViewController.swift */ = {isa = PBXFileReference; lastKnownFileType = sourcecode.swift; path = CameraViewController.swift; sourceTree = "<group>"; };
		42DE74FA28A1E031000D63C1 /* SeSacButton.swift */ = {isa = PBXFileReference; lastKnownFileType = sourcecode.swift; path = SeSacButton.swift; sourceTree = "<group>"; };
		42DE74FC28A1E5FF000D63C1 /* CardView.xib */ = {isa = PBXFileReference; lastKnownFileType = file.xib; path = CardView.xib; sourceTree = "<group>"; };
		42DE74FE28A1E633000D63C1 /* CardView.swift */ = {isa = PBXFileReference; lastKnownFileType = sourcecode.swift; path = CardView.swift; sourceTree = "<group>"; };
		42DE750028A1F384000D63C1 /* CardCollectionViewCell.swift */ = {isa = PBXFileReference; lastKnownFileType = sourcecode.swift; path = CardCollectionViewCell.swift; sourceTree = "<group>"; };
		42DE750128A1F384000D63C1 /* CardCollectionViewCell.xib */ = {isa = PBXFileReference; lastKnownFileType = file.xib; path = CardCollectionViewCell.xib; sourceTree = "<group>"; };
		42DE750428A1F630000D63C1 /* MainViewController.swift */ = {isa = PBXFileReference; lastKnownFileType = sourcecode.swift; path = MainViewController.swift; sourceTree = "<group>"; };
		42DE750628A1FC2C000D63C1 /* MainTableViewCell.swift */ = {isa = PBXFileReference; lastKnownFileType = sourcecode.swift; path = MainTableViewCell.swift; sourceTree = "<group>"; };
		42E7A99F28A0900300207A9C /* SeSacWeek6.app */ = {isa = PBXFileReference; explicitFileType = wrapper.application; includeInIndex = 0; path = SeSacWeek6.app; sourceTree = BUILT_PRODUCTS_DIR; };
		42E7A9A228A0900300207A9C /* AppDelegate.swift */ = {isa = PBXFileReference; lastKnownFileType = sourcecode.swift; path = AppDelegate.swift; sourceTree = "<group>"; };
		42E7A9A428A0900300207A9C /* SceneDelegate.swift */ = {isa = PBXFileReference; lastKnownFileType = sourcecode.swift; path = SceneDelegate.swift; sourceTree = "<group>"; };
		42E7A9A628A0900300207A9C /* ViewController.swift */ = {isa = PBXFileReference; lastKnownFileType = sourcecode.swift; path = ViewController.swift; sourceTree = "<group>"; };
		42E7A9A928A0900300207A9C /* Base */ = {isa = PBXFileReference; lastKnownFileType = file.storyboard; name = Base; path = Base.lproj/Main.storyboard; sourceTree = "<group>"; };
		42E7A9AB28A0900500207A9C /* Assets.xcassets */ = {isa = PBXFileReference; lastKnownFileType = folder.assetcatalog; path = Assets.xcassets; sourceTree = "<group>"; };
		42E7A9AE28A0900500207A9C /* Base */ = {isa = PBXFileReference; lastKnownFileType = file.storyboard; name = Base; path = Base.lproj/LaunchScreen.storyboard; sourceTree = "<group>"; };
		42E7A9B028A0900500207A9C /* Info.plist */ = {isa = PBXFileReference; lastKnownFileType = text.plist.xml; path = Info.plist; sourceTree = "<group>"; };
		42E7A9BF28A0914000207A9C /* APIKey.swift */ = {isa = PBXFileReference; lastKnownFileType = sourcecode.swift; path = APIKey.swift; sourceTree = "<group>"; };
		42E7A9C228A094A000207A9C /* EndPoint.swift */ = {isa = PBXFileReference; lastKnownFileType = sourcecode.swift; path = EndPoint.swift; sourceTree = "<group>"; };
		42E7A9C428A0951100207A9C /* URL+Extension.swift */ = {isa = PBXFileReference; lastKnownFileType = sourcecode.swift; path = "URL+Extension.swift"; sourceTree = "<group>"; };
		42E7A9C628A0A78D00207A9C /* KakaoAPIManager.swift */ = {isa = PBXFileReference; lastKnownFileType = sourcecode.swift; path = KakaoAPIManager.swift; sourceTree = "<group>"; };
/* End PBXFileReference section */

/* Begin PBXFrameworksBuildPhase section */
		42E7A99C28A0900300207A9C /* Frameworks */ = {
			isa = PBXFrameworksBuildPhase;
			buildActionMask = 2147483647;
			files = (
				42E7A9BE28A0902F00207A9C /* SwiftyJSON in Frameworks */,
				42E7A9B828A0901700207A9C /* Kingfisher in Frameworks */,
				42E7A9BB28A0902300207A9C /* Alamofire in Frameworks */,
				428F391228A5D6DF00B5BDD8 /* YPImagePicker in Frameworks */,
			);
			runOnlyForDeploymentPostprocessing = 0;
		};
/* End PBXFrameworksBuildPhase section */

/* Begin PBXGroup section */
		42220FD528A3305A00EC206C /* Protocol */ = {
			isa = PBXGroup;
			children = (
				42220FD628A3307A00EC206C /* ReusableViewProtocol.swift */,
			);
			path = Protocol;
			sourceTree = "<group>";
		};
		42DE74F928A1DFE2000D63C1 /* View */ = {
			isa = PBXGroup;
			children = (
				42DE74FA28A1E031000D63C1 /* SeSacButton.swift */,
				42DE74FC28A1E5FF000D63C1 /* CardView.xib */,
				42DE74FE28A1E633000D63C1 /* CardView.swift */,
				42DE750028A1F384000D63C1 /* CardCollectionViewCell.swift */,
				42DE750128A1F384000D63C1 /* CardCollectionViewCell.xib */,
			);
			path = View;
			sourceTree = "<group>";
		};
		42E7A99628A0900300207A9C = {
			isa = PBXGroup;
			children = (
				42E7A9A128A0900300207A9C /* SeSacWeek6 */,
				42E7A9A028A0900300207A9C /* Products */,
			);
			sourceTree = "<group>";
		};
		42E7A9A028A0900300207A9C /* Products */ = {
			isa = PBXGroup;
			children = (
				42E7A99F28A0900300207A9C /* SeSacWeek6.app */,
			);
			name = Products;
			sourceTree = "<group>";
		};
		42E7A9A128A0900300207A9C /* SeSacWeek6 */ = {
			isa = PBXGroup;
			children = (
				42220FD528A3305A00EC206C /* Protocol */,
				42E7A9A228A0900300207A9C /* AppDelegate.swift */,
				42E7A9A428A0900300207A9C /* SceneDelegate.swift */,
				42E7A9C128A0948900207A9C /* Network */,
				42E7A9A628A0900300207A9C /* ViewController.swift */,
				4235BEE928A0B77B00520361 /* TableViewCell.swift */,
				42DE74F928A1DFE2000D63C1 /* View */,
				42DE750628A1FC2C000D63C1 /* MainTableViewCell.swift */,
				42E7A9A828A0900300207A9C /* Main.storyboard */,
				428F391328A5DD2100B5BDD8 /* CameraViewController.swift */,
				4238608128A4939A0066FE26 /* MapViewController.swift */,
				42DE750428A1F630000D63C1 /* MainViewController.swift */,
				4235BEE728A0AC0300520361 /* ClosureViewController.swift */,
				42E7A9AB28A0900500207A9C /* Assets.xcassets */,
				42E7A9AD28A0900500207A9C /* LaunchScreen.storyboard */,
				42E7A9B028A0900500207A9C /* Info.plist */,
				42E7A9BF28A0914000207A9C /* APIKey.swift */,
			);
			path = SeSacWeek6;
			sourceTree = "<group>";
		};
		42E7A9C128A0948900207A9C /* Network */ = {
			isa = PBXGroup;
			children = (
				42E7A9C228A094A000207A9C /* EndPoint.swift */,
				42E7A9C428A0951100207A9C /* URL+Extension.swift */,
				42E7A9C628A0A78D00207A9C /* KakaoAPIManager.swift */,
				42220FD828A343DB00EC206C /* TMDBAPIManager.swift */,
			);
			path = Network;
			sourceTree = "<group>";
		};
/* End PBXGroup section */

/* Begin PBXNativeTarget section */
		42E7A99E28A0900300207A9C /* SeSacWeek6 */ = {
			isa = PBXNativeTarget;
			buildConfigurationList = 42E7A9B328A0900500207A9C /* Build configuration list for PBXNativeTarget "SeSacWeek6" */;
			buildPhases = (
				42E7A99B28A0900300207A9C /* Sources */,
				42E7A99C28A0900300207A9C /* Frameworks */,
				42E7A99D28A0900300207A9C /* Resources */,
			);
			buildRules = (
			);
			dependencies = (
			);
			name = SeSacWeek6;
			packageProductDependencies = (
				42E7A9B728A0901700207A9C /* Kingfisher */,
				42E7A9BA28A0902300207A9C /* Alamofire */,
				42E7A9BD28A0902F00207A9C /* SwiftyJSON */,
				428F391128A5D6DF00B5BDD8 /* YPImagePicker */,
			);
			productName = SeSacWeek6;
			productReference = 42E7A99F28A0900300207A9C /* SeSacWeek6.app */;
			productType = "com.apple.product-type.application";
		};
/* End PBXNativeTarget section */

/* Begin PBXProject section */
		42E7A99728A0900300207A9C /* Project object */ = {
			isa = PBXProject;
			attributes = {
				BuildIndependentTargetsInParallel = 1;
				LastSwiftUpdateCheck = 1340;
				LastUpgradeCheck = 1340;
				TargetAttributes = {
					42E7A99E28A0900300207A9C = {
						CreatedOnToolsVersion = 13.4.1;
					};
				};
			};
			buildConfigurationList = 42E7A99A28A0900300207A9C /* Build configuration list for PBXProject "SeSacWeek6" */;
			compatibilityVersion = "Xcode 13.0";
			developmentRegion = en;
			hasScannedForEncodings = 0;
			knownRegions = (
				en,
				Base,
			);
			mainGroup = 42E7A99628A0900300207A9C;
			packageReferences = (
				42E7A9B628A0901700207A9C /* XCRemoteSwiftPackageReference "Kingfisher" */,
				42E7A9B928A0902300207A9C /* XCRemoteSwiftPackageReference "Alamofire" */,
				42E7A9BC28A0902F00207A9C /* XCRemoteSwiftPackageReference "SwiftyJSON" */,
				428F391028A5D6DF00B5BDD8 /* XCRemoteSwiftPackageReference "YPImagePicker" */,
			);
			productRefGroup = 42E7A9A028A0900300207A9C /* Products */;
			projectDirPath = "";
			projectRoot = "";
			targets = (
				42E7A99E28A0900300207A9C /* SeSacWeek6 */,
			);
		};
/* End PBXProject section */

/* Begin PBXResourcesBuildPhase section */
		42E7A99D28A0900300207A9C /* Resources */ = {
			isa = PBXResourcesBuildPhase;
			buildActionMask = 2147483647;
			files = (
				42E7A9AF28A0900500207A9C /* LaunchScreen.storyboard in Resources */,
				42DE750328A1F384000D63C1 /* CardCollectionViewCell.xib in Resources */,
				42E7A9AC28A0900500207A9C /* Assets.xcassets in Resources */,
				42DE74FD28A1E5FF000D63C1 /* CardView.xib in Resources */,
				42E7A9AA28A0900300207A9C /* Main.storyboard in Resources */,
			);
			runOnlyForDeploymentPostprocessing = 0;
		};
/* End PBXResourcesBuildPhase section */

/* Begin PBXSourcesBuildPhase section */
		42E7A99B28A0900300207A9C /* Sources */ = {
			isa = PBXSourcesBuildPhase;
			buildActionMask = 2147483647;
			files = (
				42E7A9A728A0900300207A9C /* ViewController.swift in Sources */,
				42DE750528A1F630000D63C1 /* MainViewController.swift in Sources */,
				42DE74FB28A1E031000D63C1 /* SeSacButton.swift in Sources */,
				42E7A9A328A0900300207A9C /* AppDelegate.swift in Sources */,
				4235BEE828A0AC0300520361 /* ClosureViewController.swift in Sources */,
				42DE750228A1F384000D63C1 /* CardCollectionViewCell.swift in Sources */,
				4235BEEA28A0B77B00520361 /* TableViewCell.swift in Sources */,
				42E7A9C028A0914000207A9C /* APIKey.swift in Sources */,
				42E7A9A528A0900300207A9C /* SceneDelegate.swift in Sources */,
				42E7A9C728A0A78D00207A9C /* KakaoAPIManager.swift in Sources */,
				42DE750728A1FC2D000D63C1 /* MainTableViewCell.swift in Sources */,
				42220FD928A343DB00EC206C /* TMDBAPIManager.swift in Sources */,
				42220FD728A3307A00EC206C /* ReusableViewProtocol.swift in Sources */,
				42E7A9C328A094A000207A9C /* EndPoint.swift in Sources */,
				42DE74FF28A1E633000D63C1 /* CardView.swift in Sources */,
				42E7A9C528A0951100207A9C /* URL+Extension.swift in Sources */,
				4238608228A4939A0066FE26 /* MapViewController.swift in Sources */,
				428F391428A5DD2100B5BDD8 /* CameraViewController.swift in Sources */,
			);
			runOnlyForDeploymentPostprocessing = 0;
		};
/* End PBXSourcesBuildPhase section */

/* Begin PBXVariantGroup section */
		42E7A9A828A0900300207A9C /* Main.storyboard */ = {
			isa = PBXVariantGroup;
			children = (
				42E7A9A928A0900300207A9C /* Base */,
			);
			name = Main.storyboard;
			sourceTree = "<group>";
		};
		42E7A9AD28A0900500207A9C /* LaunchScreen.storyboard */ = {
			isa = PBXVariantGroup;
			children = (
				42E7A9AE28A0900500207A9C /* Base */,
			);
			name = LaunchScreen.storyboard;
			sourceTree = "<group>";
		};
/* End PBXVariantGroup section */

/* Begin XCBuildConfiguration section */
		42E7A9B128A0900500207A9C /* Debug */ = {
			isa = XCBuildConfiguration;
			buildSettings = {
				ALWAYS_SEARCH_USER_PATHS = NO;
				CLANG_ANALYZER_NONNULL = YES;
				CLANG_ANALYZER_NUMBER_OBJECT_CONVERSION = YES_AGGRESSIVE;
				CLANG_CXX_LANGUAGE_STANDARD = "gnu++17";
				CLANG_ENABLE_MODULES = YES;
				CLANG_ENABLE_OBJC_ARC = YES;
				CLANG_ENABLE_OBJC_WEAK = YES;
				CLANG_WARN_BLOCK_CAPTURE_AUTORELEASING = YES;
				CLANG_WARN_BOOL_CONVERSION = YES;
				CLANG_WARN_COMMA = YES;
				CLANG_WARN_CONSTANT_CONVERSION = YES;
				CLANG_WARN_DEPRECATED_OBJC_IMPLEMENTATIONS = YES;
				CLANG_WARN_DIRECT_OBJC_ISA_USAGE = YES_ERROR;
				CLANG_WARN_DOCUMENTATION_COMMENTS = YES;
				CLANG_WARN_EMPTY_BODY = YES;
				CLANG_WARN_ENUM_CONVERSION = YES;
				CLANG_WARN_INFINITE_RECURSION = YES;
				CLANG_WARN_INT_CONVERSION = YES;
				CLANG_WARN_NON_LITERAL_NULL_CONVERSION = YES;
				CLANG_WARN_OBJC_IMPLICIT_RETAIN_SELF = YES;
				CLANG_WARN_OBJC_LITERAL_CONVERSION = YES;
				CLANG_WARN_OBJC_ROOT_CLASS = YES_ERROR;
				CLANG_WARN_QUOTED_INCLUDE_IN_FRAMEWORK_HEADER = YES;
				CLANG_WARN_RANGE_LOOP_ANALYSIS = YES;
				CLANG_WARN_STRICT_PROTOTYPES = YES;
				CLANG_WARN_SUSPICIOUS_MOVE = YES;
				CLANG_WARN_UNGUARDED_AVAILABILITY = YES_AGGRESSIVE;
				CLANG_WARN_UNREACHABLE_CODE = YES;
				CLANG_WARN__DUPLICATE_METHOD_MATCH = YES;
				COPY_PHASE_STRIP = NO;
				DEBUG_INFORMATION_FORMAT = dwarf;
				ENABLE_STRICT_OBJC_MSGSEND = YES;
				ENABLE_TESTABILITY = YES;
				GCC_C_LANGUAGE_STANDARD = gnu11;
				GCC_DYNAMIC_NO_PIC = NO;
				GCC_NO_COMMON_BLOCKS = YES;
				GCC_OPTIMIZATION_LEVEL = 0;
				GCC_PREPROCESSOR_DEFINITIONS = (
					"DEBUG=1",
					"$(inherited)",
				);
				GCC_WARN_64_TO_32_BIT_CONVERSION = YES;
				GCC_WARN_ABOUT_RETURN_TYPE = YES_ERROR;
				GCC_WARN_UNDECLARED_SELECTOR = YES;
				GCC_WARN_UNINITIALIZED_AUTOS = YES_AGGRESSIVE;
				GCC_WARN_UNUSED_FUNCTION = YES;
				GCC_WARN_UNUSED_VARIABLE = YES;
				IPHONEOS_DEPLOYMENT_TARGET = 15.5;
				MTL_ENABLE_DEBUG_INFO = INCLUDE_SOURCE;
				MTL_FAST_MATH = YES;
				ONLY_ACTIVE_ARCH = YES;
				SDKROOT = iphoneos;
				SWIFT_ACTIVE_COMPILATION_CONDITIONS = DEBUG;
				SWIFT_OPTIMIZATION_LEVEL = "-Onone";
			};
			name = Debug;
		};
		42E7A9B228A0900500207A9C /* Release */ = {
			isa = XCBuildConfiguration;
			buildSettings = {
				ALWAYS_SEARCH_USER_PATHS = NO;
				CLANG_ANALYZER_NONNULL = YES;
				CLANG_ANALYZER_NUMBER_OBJECT_CONVERSION = YES_AGGRESSIVE;
				CLANG_CXX_LANGUAGE_STANDARD = "gnu++17";
				CLANG_ENABLE_MODULES = YES;
				CLANG_ENABLE_OBJC_ARC = YES;
				CLANG_ENABLE_OBJC_WEAK = YES;
				CLANG_WARN_BLOCK_CAPTURE_AUTORELEASING = YES;
				CLANG_WARN_BOOL_CONVERSION = YES;
				CLANG_WARN_COMMA = YES;
				CLANG_WARN_CONSTANT_CONVERSION = YES;
				CLANG_WARN_DEPRECATED_OBJC_IMPLEMENTATIONS = YES;
				CLANG_WARN_DIRECT_OBJC_ISA_USAGE = YES_ERROR;
				CLANG_WARN_DOCUMENTATION_COMMENTS = YES;
				CLANG_WARN_EMPTY_BODY = YES;
				CLANG_WARN_ENUM_CONVERSION = YES;
				CLANG_WARN_INFINITE_RECURSION = YES;
				CLANG_WARN_INT_CONVERSION = YES;
				CLANG_WARN_NON_LITERAL_NULL_CONVERSION = YES;
				CLANG_WARN_OBJC_IMPLICIT_RETAIN_SELF = YES;
				CLANG_WARN_OBJC_LITERAL_CONVERSION = YES;
				CLANG_WARN_OBJC_ROOT_CLASS = YES_ERROR;
				CLANG_WARN_QUOTED_INCLUDE_IN_FRAMEWORK_HEADER = YES;
				CLANG_WARN_RANGE_LOOP_ANALYSIS = YES;
				CLANG_WARN_STRICT_PROTOTYPES = YES;
				CLANG_WARN_SUSPICIOUS_MOVE = YES;
				CLANG_WARN_UNGUARDED_AVAILABILITY = YES_AGGRESSIVE;
				CLANG_WARN_UNREACHABLE_CODE = YES;
				CLANG_WARN__DUPLICATE_METHOD_MATCH = YES;
				COPY_PHASE_STRIP = NO;
				DEBUG_INFORMATION_FORMAT = "dwarf-with-dsym";
				ENABLE_NS_ASSERTIONS = NO;
				ENABLE_STRICT_OBJC_MSGSEND = YES;
				GCC_C_LANGUAGE_STANDARD = gnu11;
				GCC_NO_COMMON_BLOCKS = YES;
				GCC_WARN_64_TO_32_BIT_CONVERSION = YES;
				GCC_WARN_ABOUT_RETURN_TYPE = YES_ERROR;
				GCC_WARN_UNDECLARED_SELECTOR = YES;
				GCC_WARN_UNINITIALIZED_AUTOS = YES_AGGRESSIVE;
				GCC_WARN_UNUSED_FUNCTION = YES;
				GCC_WARN_UNUSED_VARIABLE = YES;
				IPHONEOS_DEPLOYMENT_TARGET = 15.5;
				MTL_ENABLE_DEBUG_INFO = NO;
				MTL_FAST_MATH = YES;
				SDKROOT = iphoneos;
				SWIFT_COMPILATION_MODE = wholemodule;
				SWIFT_OPTIMIZATION_LEVEL = "-O";
				VALIDATE_PRODUCT = YES;
			};
			name = Release;
		};
		42E7A9B428A0900500207A9C /* Debug */ = {
			isa = XCBuildConfiguration;
			buildSettings = {
				ASSETCATALOG_COMPILER_APPICON_NAME = AppIcon;
				ASSETCATALOG_COMPILER_GLOBAL_ACCENT_COLOR_NAME = AccentColor;
				CODE_SIGN_STYLE = Automatic;
				CURRENT_PROJECT_VERSION = 1;
				DEVELOPMENT_TEAM = CH36BYYATY;
				GENERATE_INFOPLIST_FILE = YES;
				INFOPLIST_FILE = SeSacWeek6/Info.plist;
				INFOPLIST_KEY_UIApplicationSupportsIndirectInputEvents = YES;
				INFOPLIST_KEY_UILaunchStoryboardName = LaunchScreen;
				INFOPLIST_KEY_UIMainStoryboardFile = Main;
				INFOPLIST_KEY_UISupportedInterfaceOrientations_iPad = "UIInterfaceOrientationPortrait UIInterfaceOrientationPortraitUpsideDown UIInterfaceOrientationLandscapeLeft UIInterfaceOrientationLandscapeRight";
				INFOPLIST_KEY_UISupportedInterfaceOrientations_iPhone = "UIInterfaceOrientationPortrait UIInterfaceOrientationLandscapeLeft UIInterfaceOrientationLandscapeRight";
				LD_RUNPATH_SEARCH_PATHS = (
					"$(inherited)",
					"@executable_path/Frameworks",
				);
				MARKETING_VERSION = 1.0;
				PRODUCT_BUNDLE_IDENTIFIER = com.ryuyeon.SeSacWeek6;
				PRODUCT_NAME = "$(TARGET_NAME)";
				SWIFT_EMIT_LOC_STRINGS = YES;
				SWIFT_VERSION = 5.0;
				TARGETED_DEVICE_FAMILY = "1,2";
			};
			name = Debug;
		};
		42E7A9B528A0900500207A9C /* Release */ = {
			isa = XCBuildConfiguration;
			buildSettings = {
				ASSETCATALOG_COMPILER_APPICON_NAME = AppIcon;
				ASSETCATALOG_COMPILER_GLOBAL_ACCENT_COLOR_NAME = AccentColor;
				CODE_SIGN_STYLE = Automatic;
				CURRENT_PROJECT_VERSION = 1;
				DEVELOPMENT_TEAM = CH36BYYATY;
				GENERATE_INFOPLIST_FILE = YES;
				INFOPLIST_FILE = SeSacWeek6/Info.plist;
				INFOPLIST_KEY_UIApplicationSupportsIndirectInputEvents = YES;
				INFOPLIST_KEY_UILaunchStoryboardName = LaunchScreen;
				INFOPLIST_KEY_UIMainStoryboardFile = Main;
				INFOPLIST_KEY_UISupportedInterfaceOrientations_iPad = "UIInterfaceOrientationPortrait UIInterfaceOrientationPortraitUpsideDown UIInterfaceOrientationLandscapeLeft UIInterfaceOrientationLandscapeRight";
				INFOPLIST_KEY_UISupportedInterfaceOrientations_iPhone = "UIInterfaceOrientationPortrait UIInterfaceOrientationLandscapeLeft UIInterfaceOrientationLandscapeRight";
				LD_RUNPATH_SEARCH_PATHS = (
					"$(inherited)",
					"@executable_path/Frameworks",
				);
				MARKETING_VERSION = 1.0;
				PRODUCT_BUNDLE_IDENTIFIER = com.ryuyeon.SeSacWeek6;
				PRODUCT_NAME = "$(TARGET_NAME)";
				SWIFT_EMIT_LOC_STRINGS = YES;
				SWIFT_VERSION = 5.0;
				TARGETED_DEVICE_FAMILY = "1,2";
			};
			name = Release;
		};
/* End XCBuildConfiguration section */

/* Begin XCConfigurationList section */
		42E7A99A28A0900300207A9C /* Build configuration list for PBXProject "SeSacWeek6" */ = {
			isa = XCConfigurationList;
			buildConfigurations = (
				42E7A9B128A0900500207A9C /* Debug */,
				42E7A9B228A0900500207A9C /* Release */,
			);
			defaultConfigurationIsVisible = 0;
			defaultConfigurationName = Release;
		};
		42E7A9B328A0900500207A9C /* Build configuration list for PBXNativeTarget "SeSacWeek6" */ = {
			isa = XCConfigurationList;
			buildConfigurations = (
				42E7A9B428A0900500207A9C /* Debug */,
				42E7A9B528A0900500207A9C /* Release */,
			);
			defaultConfigurationIsVisible = 0;
			defaultConfigurationName = Release;
		};
/* End XCConfigurationList section */

/* Begin XCRemoteSwiftPackageReference section */
		428F391028A5D6DF00B5BDD8 /* XCRemoteSwiftPackageReference "YPImagePicker" */ = {
			isa = XCRemoteSwiftPackageReference;
			repositoryURL = "https://github.com/Yummypets/YPImagePicker.git";
			requirement = {
				kind = upToNextMajorVersion;
				minimumVersion = 5.0.0;
			};
		};
		42E7A9B628A0901700207A9C /* XCRemoteSwiftPackageReference "Kingfisher" */ = {
			isa = XCRemoteSwiftPackageReference;
			repositoryURL = "https://github.com/onevcat/Kingfisher.git";
			requirement = {
				branch = master;
				kind = branch;
			};
		};
		42E7A9B928A0902300207A9C /* XCRemoteSwiftPackageReference "Alamofire" */ = {
			isa = XCRemoteSwiftPackageReference;
			repositoryURL = "https://github.com/Alamofire/Alamofire.git";
			requirement = {
				branch = master;
				kind = branch;
			};
		};
		42E7A9BC28A0902F00207A9C /* XCRemoteSwiftPackageReference "SwiftyJSON" */ = {
			isa = XCRemoteSwiftPackageReference;
			repositoryURL = "https://github.com/SwiftyJSON/SwiftyJSON.git";
			requirement = {
				branch = master;
				kind = branch;
			};
		};
/* End XCRemoteSwiftPackageReference section */

/* Begin XCSwiftPackageProductDependency section */
		428F391128A5D6DF00B5BDD8 /* YPImagePicker */ = {
			isa = XCSwiftPackageProductDependency;
			package = 428F391028A5D6DF00B5BDD8 /* XCRemoteSwiftPackageReference "YPImagePicker" */;
			productName = YPImagePicker;
		};
		42E7A9B728A0901700207A9C /* Kingfisher */ = {
			isa = XCSwiftPackageProductDependency;
			package = 42E7A9B628A0901700207A9C /* XCRemoteSwiftPackageReference "Kingfisher" */;
			productName = Kingfisher;
		};
		42E7A9BA28A0902300207A9C /* Alamofire */ = {
			isa = XCSwiftPackageProductDependency;
			package = 42E7A9B928A0902300207A9C /* XCRemoteSwiftPackageReference "Alamofire" */;
			productName = Alamofire;
		};
		42E7A9BD28A0902F00207A9C /* SwiftyJSON */ = {
			isa = XCSwiftPackageProductDependency;
			package = 42E7A9BC28A0902F00207A9C /* XCRemoteSwiftPackageReference "SwiftyJSON" */;
			productName = SwiftyJSON;
		};
/* End XCSwiftPackageProductDependency section */
	};
	rootObject = 42E7A99728A0900300207A9C /* Project object */;
}
